
Microsoft Visual Studio Solution File, Format Version 12.00
# Visual Studio Version 17
VisualStudioVersion = 17.9.34902.65
MinimumVisualStudioVersion = 10.0.40219.1
Project("{2150E333-8FDC-42A3-9474-1A3956D46DE8}") = "OOPS_Concepts", "OOPS_Concepts", "{34498557-01F8-4121-913C-EA5A693D56EB}"
EndProject
Project("{2150E333-8FDC-42A3-9474-1A3956D46DE8}") = "1 - OOPS Features", "1 - OOPS Features", "{E541EC7F-BD91-47A1-964B-86D190E51411}"
EndProject
Project("{FAE04EC0-301F-11D3-BF4B-00C04F79EFBC}") = "oops_features", "OOPS_Concepts\1 - OOPS Features\oops_features\oops_features.csproj", "{058B34C7-C397-4D0F-9D7B-209F3085927B}"
EndProject
Project("{2150E333-8FDC-42A3-9474-1A3956D46DE8}") = "2 - Interface VS Abstraction", "2 - Interface VS Abstraction", "{FF642240-2F5E-456D-B88D-36295D8E8E42}"
EndProject
Project("{FAE04EC0-301F-11D3-BF4B-00C04F79EFBC}") = "InterfaceVsAbstraction", "OOPS_Concepts\2 - Interface VS Abstraction\InterfaceVsAbstraction\InterfaceVsAbstraction.csproj", "{2BDA8382-3562-4B80-B64C-C1E968016543}"
EndProject
Project("{2150E333-8FDC-42A3-9474-1A3956D46DE8}") = "3 - Abstract Class and Methods", "3 - Abstract Class and Methods", "{DA3ED33A-CD00-4A79-BFF2-5954F15086A8}"
EndProject
Project("{FAE04EC0-301F-11D3-BF4B-00C04F79EFBC}") = "AbstractClassAndMethods", "OOPS_Concepts\3 - Abstract Class and Methods\AbstractClassAndMethods\AbstractClassAndMethods.csproj", "{15BA2BC3-1EE8-470E-88D0-55FFF50048D0}"
EndProject
Project("{2150E333-8FDC-42A3-9474-1A3956D46DE8}") = "4 - Abstraction", "4 - Abstraction", "{C8C3D702-5449-4B26-B134-44913D6A7517}"
EndProject
Project("{FAE04EC0-301F-11D3-BF4B-00C04F79EFBC}") = "Abstraction", "OOPS_Concepts\4 - Abstraction\Abstraction\Abstraction.csproj", "{9A145CD3-D98F-443A-A2A7-745585918F2D}"
EndProject
Project("{2150E333-8FDC-42A3-9474-1A3956D46DE8}") = "5 - Polymorphism", "5 - Polymorphism", "{20268C8A-A06A-492B-950B-AA9B696B2222}"
EndProject
Project("{FAE04EC0-301F-11D3-BF4B-00C04F79EFBC}") = "Polymorphism", "OOPS_Concepts\5 - Polymorphism\Polymorphism\Polymorphism.csproj", "{88B474F2-6A64-4EFB-BE47-7A159ADFC8FD}"
EndProject
Project("{2150E333-8FDC-42A3-9474-1A3956D46DE8}") = "6 - Method Overloading and Overriding", "6 - Method Overloading and Overriding", "{C43D4423-826E-4055-98B7-E27F7F0D7B5E}"
EndProject
Project("{FAE04EC0-301F-11D3-BF4B-00C04F79EFBC}") = "MethodOverloadingVsOverriding", "OOPS_Concepts\6 - Method Overloading and Overriding\MethodOverloadingVsOverriding\MethodOverloadingVsOverriding.csproj", "{AB6D0F6E-B1D2-4D98-9AF0-FBEC0BACABC7}"
EndProject
Project("{2150E333-8FDC-42A3-9474-1A3956D46DE8}") = "7 - Constructors", "7 - Constructors", "{AFC038BC-86EC-444F-AFD3-0813E6BC814B}"
EndProject
Project("{FAE04EC0-301F-11D3-BF4B-00C04F79EFBC}") = "Constructors", "OOPS_Concepts\7 - Constructors\Constructors\Constructors.csproj", "{490310AA-C523-40DB-BB00-418AA429111F}"
EndProject
Project("{2150E333-8FDC-42A3-9474-1A3956D46DE8}") = "8 - CallByValue VS CallByReference", "8 - CallByValue VS CallByReference", "{0A05CEED-4380-4D51-97EE-62E13EC14213}"
EndProject
Project("{FAE04EC0-301F-11D3-BF4B-00C04F79EFBC}") = "CallByValue", "OOPS_Concepts\8 - CallByValue VS CallByReference\CallByValue\CallByValue.csproj", "{2D2AF760-A0D7-4418-A7C2-F8EBDF52A825}"
EndProject
Project("{FAE04EC0-301F-11D3-BF4B-00C04F79EFBC}") = "CallByReference", "OOPS_Concepts\8 - CallByValue VS CallByReference\CallByReference\CallByReference.csproj", "{5CF58CAE-8ECC-4C41-92D3-A45DCF574A56}"
EndProject
Project("{2150E333-8FDC-42A3-9474-1A3956D46DE8}") = "9 - Virtual Functions", "9 - Virtual Functions", "{F2B5EC0A-28E4-45AA-9771-7536C9547AAB}"
EndProject
Project("{FAE04EC0-301F-11D3-BF4B-00C04F79EFBC}") = "Virtual", "OOPS_Concepts\9 - Virtual Functions\Virtual\Virtual.csproj", "{6DC646B1-C726-4E4D-8D6F-D68ABEECE5C2}"
EndProject
Project("{2150E333-8FDC-42A3-9474-1A3956D46DE8}") = "10 - Exception Handling", "10 - Exception Handling", "{BEC5FDD4-288D-4FD0-880B-10019E0BBC8B}"
EndProject
Project("{FAE04EC0-301F-11D3-BF4B-00C04F79EFBC}") = "Exception_Handling", "OOPS_Concepts\10 - Exception Handling\Exception_Handling\Exception_Handling.csproj", "{4A3395DB-C121-4517-B519-985108082495}"
EndProject
Project("{2150E333-8FDC-42A3-9474-1A3956D46DE8}") = "11 - Inheritance", "11 - Inheritance", "{7CDD54F0-86CE-432E-BB96-3509BF20AABF}"
EndProject
Project("{FAE04EC0-301F-11D3-BF4B-00C04F79EFBC}") = "Inheritance", "OOPS_Concepts\11 - Inheritance\Inheritance\Inheritance.csproj", "{B3C2779B-CF8D-42EB-93F6-9C6ED18E06EB}"
EndProject
Project("{2150E333-8FDC-42A3-9474-1A3956D46DE8}") = "12 - Struct VS Class", "12 - Struct VS Class", "{AEFF22EF-A1D1-43C0-882C-29302DD3E705}"
EndProject
Project("{FAE04EC0-301F-11D3-BF4B-00C04F79EFBC}") = "Struct_and_Class", "OOPS_Concepts\12 - Struct VS Class\Struct_and_Class\Struct_and_Class.csproj", "{CE589C5D-41DB-480A-9266-FD595DF12C3B}"
EndProject
Project("{2150E333-8FDC-42A3-9474-1A3956D46DE8}") = "13 - Managed Vs Unmanaged", "13 - Managed Vs Unmanaged", "{5C3F63CF-FDD7-4F2E-ACB3-606CBB115BA4}"
EndProject
Project("{FAE04EC0-301F-11D3-BF4B-00C04F79EFBC}") = "Managed_and_Unmanaged", "OOPS_Concepts\13 - Managed Vs Unmanaged\Managed_and_Unmanaged\Managed_and_Unmanaged.csproj", "{ABB64108-CB67-490B-897E-B3C3CD88ED52}"
EndProject
Project("{2150E333-8FDC-42A3-9474-1A3956D46DE8}") = "14 - Constant vs ReadOnly", "14 - Constant vs ReadOnly", "{7DE6CED6-EAA7-4A6A-9EB2-BACDB78BDA49}"
EndProject
Project("{FAE04EC0-301F-11D3-BF4B-00C04F79EFBC}") = "Constant_and_Readonly", "OOPS_Concepts\14 - Constant vs ReadOnly\Constant_and_Readonly\Constant_and_Readonly.csproj", "{87DEC5E7-3271-40EE-A980-D1881FE959FE}"
EndProject
Project("{2150E333-8FDC-42A3-9474-1A3956D46DE8}") = "15 - Internal VS Private", "15 - Internal VS Private", "{4E928B96-712A-4A93-BA7C-31868CE93749}"
EndProject
Project("{FAE04EC0-301F-11D3-BF4B-00C04F79EFBC}") = "Internal_and_Private", "OOPS_Concepts\15 - Internal VS Private\Internal_and_Private\Internal_and_Private.csproj", "{3952C2C9-693F-48CC-8DC7-1C4A173B34C4}"
EndProject
Project("{2150E333-8FDC-42A3-9474-1A3956D46DE8}") = "16 - Delegates", "16 - Delegates", "{9702D332-7E06-4B89-A45B-772A2C8D7E4E}"
EndProject
Project("{FAE04EC0-301F-11D3-BF4B-00C04F79EFBC}") = "delegates", "OOPS_Concepts\16 - Delegates\delegates\delegates.csproj", "{B43A53FE-035D-441B-B04F-AF0A16CBEA53}"
EndProject
Project("{2150E333-8FDC-42A3-9474-1A3956D46DE8}") = "17 - List and Collections", "17 - List and Collections", "{024ECC8E-77A4-44C9-BA47-28C68A8A4846}"
EndProject
Project("{FAE04EC0-301F-11D3-BF4B-00C04F79EFBC}") = "List_and_Collections", "OOPS_Concepts\17 - List and Collections\List_and_Collections\List_and_Collections.csproj", "{9C69C34E-E072-4B59-B26A-A1B25B949639}"
EndProject
Project("{2150E333-8FDC-42A3-9474-1A3956D46DE8}") = "18 - Dependency Injection", "18 - Dependency Injection", "{74BB7B73-4288-48FA-B061-B93186DB673A}"
EndProject
Project("{FAE04EC0-301F-11D3-BF4B-00C04F79EFBC}") = "Dependency_Injection", "OOPS_Concepts\18 - Dependency Injection\Dependency_Injection\Dependency_Injection.csproj", "{A26DEDAC-287D-4542-9564-62ED22151371}"
EndProject
Project("{2150E333-8FDC-42A3-9474-1A3956D46DE8}") = "19 - Partial Class", "19 - Partial Class", "{0B9EAE60-8347-4B4B-B532-062756352213}"
EndProject
Project("{FAE04EC0-301F-11D3-BF4B-00C04F79EFBC}") = "Partial_Classes", "OOPS_Concepts\19 - Partial Class\Partial_Classes\Partial_Classes.csproj", "{0163690E-BBB7-49B9-B7E9-C48ACD043649}"
EndProject
Project("{2150E333-8FDC-42A3-9474-1A3956D46DE8}") = "20 - Static Class", "20 - Static Class", "{215C2BC7-A506-4B1D-AA80-B9A3996522F9}"
EndProject
Project("{FAE04EC0-301F-11D3-BF4B-00C04F79EFBC}") = "Static_Class", "OOPS_Concepts\20 - Static Class\Static_Class\Static_Class.csproj", "{F966021C-F538-4356-827C-196004A073DF}"
EndProject
Project("{2150E333-8FDC-42A3-9474-1A3956D46DE8}") = "21 - Func And Action", "21 - Func And Action", "{A08E7B93-2543-477C-B6B3-6D3D4D12BBBB}"
EndProject
Project("{FAE04EC0-301F-11D3-BF4B-00C04F79EFBC}") = "func_and_action", "OOPS_Concepts\21 - Func and Action\func_and_action\func_and_action.csproj", "{43F3B896-5E81-4D91-8AF6-0A20BD852D9F}"
EndProject
Project("{2150E333-8FDC-42A3-9474-1A3956D46DE8}") = "22 - Anonymous Method", "22 - Anonymous Method", "{CAC86212-6594-4101-8FB2-4ACEBCCFC1B6}"
EndProject
Project("{FAE04EC0-301F-11D3-BF4B-00C04F79EFBC}") = "anonymous_method", "OOPS_Concepts\22 - Anonymous Method\anonymous_method\anonymous_method.csproj", "{FCEDAC3C-98F5-49D3-9E31-E2F6ABB450C5}"
EndProject
Project("{2150E333-8FDC-42A3-9474-1A3956D46DE8}") = "23 - Ref VS Out", "23 - Ref VS Out", "{87E0CD68-200F-4FC9-98D9-F09EA6CBF39C}"
EndProject
Project("{FAE04EC0-301F-11D3-BF4B-00C04F79EFBC}") = "ref_and_out", "OOPS_Concepts\23 - Ref VS Out\ref_and_out\ref_and_out.csproj", "{F111F804-76F4-4D26-8B43-A2AE37787C2D}"
EndProject
Project("{2150E333-8FDC-42A3-9474-1A3956D46DE8}") = "24 - Array and ArrayList", "24 - Array and ArrayList", "{837080C1-475A-4699-B729-25A15D760FE6}"
EndProject
Project("{FAE04EC0-301F-11D3-BF4B-00C04F79EFBC}") = "array_and_arraylist", "OOPS_Concepts\24 - Array and ArrayList\array_and_arraylist\array_and_arraylist.csproj", "{3CC02929-29D4-4963-BFB4-7E3FA690496C}"
EndProject
Project("{2150E333-8FDC-42A3-9474-1A3956D46DE8}") = "25 - String and StringBuilder", "25 - String and StringBuilder", "{C6BD7742-0F9D-4207-8DB5-834201F29A31}"
EndProject
Project("{FAE04EC0-301F-11D3-BF4B-00C04F79EFBC}") = "string_and_stringbuilder", "OOPS_Concepts\25 - String and StringBuilder\string_and_stringbuilder\string_and_stringbuilder.csproj", "{8E0DF1AB-B3FF-49FF-AF7B-C743B7BA162F}"
EndProject
Project("{2150E333-8FDC-42A3-9474-1A3956D46DE8}") = "26 - Destructors", "26 - Destructors", "{B1025308-4DE5-4E20-A4B6-F3F142D01600}"
EndProject
Project("{FAE04EC0-301F-11D3-BF4B-00C04F79EFBC}") = "destructors", "OOPS_Concepts\26 - Destructors\destructors\destructors.csproj", "{F033DCC9-D027-4BB0-9C38-B17DF1439B05}"
EndProject
Project("{2150E333-8FDC-42A3-9474-1A3956D46DE8}") = "27 - Garbage Collection", "27 - Garbage Collection", "{8DDFC703-3408-4FCF-BA05-56CE4FE771A7}"
EndProject
Project("{FAE04EC0-301F-11D3-BF4B-00C04F79EFBC}") = "garbage_collection", "OOPS_Concepts\27 - Garbage Collection\garbage_collection\garbage_collection.csproj", "{7CA36392-CF92-4B67-9132-A09A18CB5363}"
EndProject
Project("{2150E333-8FDC-42A3-9474-1A3956D46DE8}") = "28 - Access Specifiers", "28 - Access Specifiers", "{7F8387E2-C9A0-4BA9-9BF8-3B6C7C0EF03B}"
EndProject
Project("{FAE04EC0-301F-11D3-BF4B-00C04F79EFBC}") = "access_specifiers", "OOPS_Concepts\28 - Access Specifiers\access_specifiers\access_specifiers.csproj", "{2485E581-1FA8-454F-B12D-8A15382002F3}"
EndProject
Project("{2150E333-8FDC-42A3-9474-1A3956D46DE8}") = "29 - Abstraction and Encapsulation", "29 - Abstraction and Encapsulation", "{86487364-AC6A-4B57-92EA-C76FB9B9B183}"
EndProject
Project("{FAE04EC0-301F-11D3-BF4B-00C04F79EFBC}") = "abstraction_and_encapsulation", "OOPS_Concepts\29 - Abstraction and Encapsulation\abstraction_and_encapsulation\abstraction_and_encapsulation.csproj", "{066F82D7-81D7-4578-ADD8-F644E3DFD8A6}"
EndProject
Project("{2150E333-8FDC-42A3-9474-1A3956D46DE8}") = "30 - Types of Classes", "30 - Types of Classes", "{F4BCCC0F-437B-4431-8632-85DEFC82FF59}"
EndProject
Project("{FAE04EC0-301F-11D3-BF4B-00C04F79EFBC}") = "types_of_classes", "OOPS_Concepts\30 - Types of Classes\types_of_classes\types_of_classes.csproj", "{018E978D-E628-4795-A827-75D58CEA3DB7}"
EndProject
Project("{2150E333-8FDC-42A3-9474-1A3956D46DE8}") = "31 -This and base Keyword", "31 -This and base Keyword", "{033ABA24-15A2-4720-8FCE-8A15009104EE}"
EndProject
Project("{FAE04EC0-301F-11D3-BF4B-00C04F79EFBC}") = "this_and_base_keyword", "OOPS_Concepts\31 -This and base Keyword\this_and_base_keyword\this_and_base_keyword.csproj", "{5708FE2C-F0AD-4180-822A-23E995792798}"
EndProject
Project("{2150E333-8FDC-42A3-9474-1A3956D46DE8}") = "32 - Sealed Method and Properties", "32 - Sealed Method and Properties", "{F997DD89-3E8F-4D7F-9BC5-9429F86874CA}"
EndProject
Project("{FAE04EC0-301F-11D3-BF4B-00C04F79EFBC}") = "sealed_method_and_properties", "OOPS_Concepts\32 - Sealed Method and Properties\sealed_method_and_properties\sealed_method_and_properties.csproj", "{A0CBAC96-A041-4212-8B63-D4C511279D3E}"
EndProject
Project("{2150E333-8FDC-42A3-9474-1A3956D46DE8}") = "33 - Yield Keyword", "33 - Yield Keyword", "{6113E87C-97CB-401B-99DD-B06351AAC079}"
EndProject
Project("{FAE04EC0-301F-11D3-BF4B-00C04F79EFBC}") = "yield_keyword", "OOPS_Concepts\33 - Yield Keyword\yield_keyword\yield_keyword.csproj", "{93F4EFF3-8AEF-486C-9C8D-6C1179FC99FC}"
EndProject
Project("{2150E333-8FDC-42A3-9474-1A3956D46DE8}") = "34 - Restrict Object Creation", "34 - Restrict Object Creation", "{076E8243-0FCF-4599-90ED-706F265E79F5}"
EndProject
Project("{FAE04EC0-301F-11D3-BF4B-00C04F79EFBC}") = "restrict_object_creation", "OOPS_Concepts\34 - Restrict Object Creation\restrict_object_creation\restrict_object_creation.csproj", "{6E6191EF-7B32-4A5B-9D9F-F316D591B628}"
EndProject
Project("{2150E333-8FDC-42A3-9474-1A3956D46DE8}") = "35 - Inherit Enum", "35 - Inherit Enum", "{00F83926-8C3E-41ED-BD5B-608995339E53}"
EndProject
Project("{FAE04EC0-301F-11D3-BF4B-00C04F79EFBC}") = "inherit_enum", "OOPS_Concepts\35 - Inherit Enum\inherit_enum\inherit_enum.csproj", "{B340F13B-5BD3-4CD1-A5FE-A4DF0834E5F6}"
EndProject
Project("{2150E333-8FDC-42A3-9474-1A3956D46DE8}") = "36 - Method Extension using Interface", "36 - Method Extension using Interface", "{1B8B06D0-842D-410E-9CB4-1392AC0661A7}"
EndProject
Project("{FAE04EC0-301F-11D3-BF4B-00C04F79EFBC}") = "method_extension_using_interface", "OOPS_Concepts\36 - Method Extension using Interface\method_extension_using_interface\method_extension_using_interface.csproj", "{0BFD57C4-DF74-48CA-9F34-89DF9AC4255B}"
EndProject
Project("{2150E333-8FDC-42A3-9474-1A3956D46DE8}") = "37 - Return Multiple Values from Method", "37 - Return Multiple Values from Method", "{41E66E04-44ED-4853-8469-92D64971969C}"
EndProject
Project("{FAE04EC0-301F-11D3-BF4B-00C04F79EFBC}") = "return_multiple_value_from_method", "OOPS_Concepts\37 - Return Multiple Values from Method\return_multiple_value_from_method\return_multiple_value_from_method.csproj", "{362F935B-18D9-4F80-9F0D-B7E64B4728FC}"
EndProject
Project("{2150E333-8FDC-42A3-9474-1A3956D46DE8}") = "38 - Design Patterns", "38 - Design Patterns", "{3750849B-8E38-4C08-9089-83BF300A6764}"
EndProject
Project("{FAE04EC0-301F-11D3-BF4B-00C04F79EFBC}") = "design_patterns", "OOPS_Concepts\38 - Design Patterns\design_patterns\design_patterns.csproj", "{1EE12B6A-1A10-49F2-8E3D-34750469B188}"
EndProject
Project("{2150E333-8FDC-42A3-9474-1A3956D46DE8}") = "39 - Types of Design Patterns", "39 - Types of Design Patterns", "{A4284B78-4C3A-419A-9671-9E2F333B7DD0}"
EndProject
Project("{FAE04EC0-301F-11D3-BF4B-00C04F79EFBC}") = "types_of_design_patterns", "OOPS_Concepts\39 - Types of Design Patterns\types_of_design_patterns\types_of_design_patterns.csproj", "{937D8056-D188-47AA-AB3F-359A70E3A581}"
EndProject
Project("{2150E333-8FDC-42A3-9474-1A3956D46DE8}") = "40 -Static Class VS Singleton Class", "40 -Static Class VS Singleton Class", "{4A9A014E-AF2B-4F8C-ABB4-B7AB9EEF4592}"
EndProject
Project("{FAE04EC0-301F-11D3-BF4B-00C04F79EFBC}") = "static_class_vs_singleton_class", "OOPS_Concepts\40 -Static Class VS Singleton Class\static_class_vs_singleton_class\static_class_vs_singleton_class.csproj", "{DC58174F-90E4-4ACB-8C1A-2448CBC038D1}"
EndProject
Project("{2150E333-8FDC-42A3-9474-1A3956D46DE8}") = "41 - Serialize Hashtable", "41 - Serialize Hashtable", "{18DA1CFB-61BA-4AFC-BA9A-29CD7A8EA96D}"
EndProject
Project("{FAE04EC0-301F-11D3-BF4B-00C04F79EFBC}") = "serialize_hashtable", "OOPS_Concepts\41 - Serialize Hashtable\serialize_hashtable\serialize_hashtable.csproj", "{37D463A0-80A7-459F-95AE-50FBA0C61523}"
EndProject
Project("{2150E333-8FDC-42A3-9474-1A3956D46DE8}") = "42 - Multiple Exception At Once", "42 - Multiple Exception At Once", "{F7192135-BC31-4A87-B2F7-0FC9B2748525}"
EndProject
Project("{FAE04EC0-301F-11D3-BF4B-00C04F79EFBC}") = "multiple_exception_at_once", "OOPS_Concepts\42 - Multiple Exception At Once\multiple_exception_at_once\multiple_exception_at_once.csproj", "{17E7CF75-F7C6-4F47-BD30-8932DE65713A}"
EndProject
Project("{2150E333-8FDC-42A3-9474-1A3956D46DE8}") = "43 - IDisposable Interface", "43 - IDisposable Interface", "{150059ED-ED7F-4181-8910-33769A974D7D}"
EndProject
Project("{FAE04EC0-301F-11D3-BF4B-00C04F79EFBC}") = "IDisposable_Interface", "OOPS_Concepts\43 - IDisposable Interface\IDisposable_Interface\IDisposable_Interface.csproj", "{B3CB513B-8E97-4A93-A31D-4963AFBD0C1E}"
EndProject
Project("{2150E333-8FDC-42A3-9474-1A3956D46DE8}") = "44 - Error VS Exception", "44 - Error VS Exception", "{3FA46490-BA20-45E4-9E12-E9B566B6464D}"
EndProject
Project("{FAE04EC0-301F-11D3-BF4B-00C04F79EFBC}") = "error_vs_exception", "OOPS_Concepts\44 - Error VS Exception\error_vs_exception\error_vs_exception.csproj", "{CE8C8D98-1FC5-48CC-B3BE-BF939198C9FB}"
EndProject
Project("{2150E333-8FDC-42A3-9474-1A3956D46DE8}") = "45 - Try And Catch Block", "45 - Try And Catch Block", "{4181B9FC-1D2E-4F56-B3AE-5D7F13C3941E}"
EndProject
Project("{FAE04EC0-301F-11D3-BF4B-00C04F79EFBC}") = "try_and_catch_block", "OOPS_Concepts\45 - Try And Catch Block\try_and_catch_block\try_and_catch_block.csproj", "{B960009A-2742-4A1B-B968-3683BCD70ED1}"
EndProject
Project("{2150E333-8FDC-42A3-9474-1A3956D46DE8}") = "46 - Finally Block", "46 - Finally Block", "{534835AE-4E77-4FC3-971B-BF911B244725}"
EndProject
Project("{FAE04EC0-301F-11D3-BF4B-00C04F79EFBC}") = "finally_block", "OOPS_Concepts\46 - Finally Block\finally_block\finally_block.csproj", "{03F440AF-1357-4B21-B358-FD926EAF8C5F}"
EndProject
Project("{2150E333-8FDC-42A3-9474-1A3956D46DE8}") = "47 - Pure Virtual Function", "47 - Pure Virtual Function", "{0439B79D-8ACA-4A0F-8834-677F9CDE35B8}"
EndProject
Project("{FAE04EC0-301F-11D3-BF4B-00C04F79EFBC}") = "pure_virtual_function", "OOPS_Concepts\47 - Pure Virtual Function\pure_virtual_function\pure_virtual_function.csproj", "{D1B53A08-CC25-409A-BED1-E70F6A23995D}"
EndProject
Project("{2150E333-8FDC-42A3-9474-1A3956D46DE8}") = "48 - Constructor Chaining", "48 - Constructor Chaining", "{D082235C-C387-4DFF-BF0C-14E698BD40EA}"
EndProject
Project("{FAE04EC0-301F-11D3-BF4B-00C04F79EFBC}") = "constructor_chaining", "OOPS_Concepts\48 - Constructor Chaining\constructor_chaining\constructor_chaining.csproj", "{05A162B5-38AF-4357-826A-77082F90953A}"
EndProject
Project("{2150E333-8FDC-42A3-9474-1A3956D46DE8}") = "49 - Extension Methods", "49 - Extension Methods", "{AF501E3B-C637-4667-B44A-07B949829A41}"
EndProject
Project("{FAE04EC0-301F-11D3-BF4B-00C04F79EFBC}") = "extension_methods", "OOPS_Concepts\49 - Extension Methods\extension_methods\extension_methods.csproj", "{DFC25710-1430-41E8-8EE8-7995CC421812}"
EndProject
Project("{2150E333-8FDC-42A3-9474-1A3956D46DE8}") = "50 - Early Binding and Late Binding", "50 - Early Binding and Late Binding", "{007EC5F9-A5DB-44CE-8A90-15EDDB09B770}"
EndProject
Project("{FAE04EC0-301F-11D3-BF4B-00C04F79EFBC}") = "earlyBinding_and lateBinding", "OOPS_Concepts\50 - Early Binding and Late Binding\earlyBinding_and lateBinding\earlyBinding_and lateBinding.csproj", "{ED104DC6-9A33-48C0-83E6-CB3C7E620E4F}"
EndProject
Project("{2150E333-8FDC-42A3-9474-1A3956D46DE8}") = "C# and LINQ Concepts", "C# and LINQ Concepts", "{CCA36A1E-AD6B-4A4B-983A-1E3806233805}"
EndProject
Project("{2150E333-8FDC-42A3-9474-1A3956D46DE8}") = "1 - Features of C#", "1 - Features of C#", "{169A8E01-674B-40BF-AE0B-CA3067EF8B39}"
EndProject
Project("{FAE04EC0-301F-11D3-BF4B-00C04F79EFBC}") = "features_in_C#", "C# and LINQ Concepts\1 - Features of C#\features_in_C#\features_in_C#.csproj", "{933EB837-2587-4AB8-BBB6-6D185EC89523}"
EndProject
Project("{2150E333-8FDC-42A3-9474-1A3956D46DE8}") = "2 - ValueType vs ReferenceType", "2 - ValueType vs ReferenceType", "{5F383495-84D1-47FF-80B9-446A3D88D431}"
EndProject
Project("{FAE04EC0-301F-11D3-BF4B-00C04F79EFBC}") = "valuetype_and_referencetype", "C# and LINQ Concepts\2 - ValueType vs ReferenceType\valuetype_and_referencetype\valuetype_and_referencetype.csproj", "{B8F66734-19EE-44B4-B913-FB61D37FB14E}"
EndProject
Project("{2150E333-8FDC-42A3-9474-1A3956D46DE8}") = "3 - CLR in C#", "3 - CLR in C#", "{723E1624-F9F1-4C0C-89AD-0BE944BA8A09}"
EndProject
Project("{FAE04EC0-301F-11D3-BF4B-00C04F79EFBC}") = "clr_in_c#", "C# and LINQ Concepts\3 - CLR in C#\clr_in_c#\clr_in_c#.csproj", "{92713F65-EBDD-4345-BC17-AD69C66610CA}"
EndProject
Project("{2150E333-8FDC-42A3-9474-1A3956D46DE8}") = "4 - Loops in C#", "4 - Loops in C#", "{8C960636-D80F-44B3-8CB9-DC8D80DF0034}"
EndProject
Project("{FAE04EC0-301F-11D3-BF4B-00C04F79EFBC}") = "loops_in_csharp", "C# and LINQ Concepts\4 - Loops in C#\loops_in_csharp\loops_in_csharp.csproj", "{251B3DBD-9F0D-46F7-81F4-8910D00FDACE}"
EndProject
Project("{2150E333-8FDC-42A3-9474-1A3956D46DE8}") = "5 - Multiple Inheritance", "5 - Multiple Inheritance", "{1908AC0B-3BFB-4028-81AF-B3BF2641ECBA}"
EndProject
Project("{FAE04EC0-301F-11D3-BF4B-00C04F79EFBC}") = "multiple_inhertiance", "C# and LINQ Concepts\5 - Multiple Inheritance\multiple_inhertiance\multiple_inhertiance.csproj", "{B413B4A8-B5D1-47FF-A65F-0AD35AEF8218}"
EndProject
Project("{2150E333-8FDC-42A3-9474-1A3956D46DE8}") = "6 - Inherit Classes", "6 - Inherit Classes", "{14261AD1-77EA-40E2-B09B-77D3AAD8E60E}"
EndProject
Project("{FAE04EC0-301F-11D3-BF4B-00C04F79EFBC}") = "inherit_classes", "C# and LINQ Concepts\6 - Inherit Classes\inherit_classes\inherit_classes.csproj", "{AB03FAE9-11D2-4617-A7B2-F534D6B11619}"
EndProject
Project("{2150E333-8FDC-42A3-9474-1A3956D46DE8}") = "7 - Override function in Same Class", "7 - Override function in Same Class", "{7D73EE9B-6250-4032-A0B6-0DD38AA6ECF0}"
EndProject
Project("{FAE04EC0-301F-11D3-BF4B-00C04F79EFBC}") = "override_function_of_same_Class", "C# and LINQ Concepts\7 - Override function in Same Class\override_function_of_same_Class\override_function_of_same_Class.csproj", "{9F0CB68A-7098-4570-A429-74392608F6BA}"
EndProject
Project("{2150E333-8FDC-42A3-9474-1A3956D46DE8}") = "8 - Override Private Virtual Method", "8 - Override Private Virtual Method", "{4C6CF1EE-E04E-4761-91B9-B2D3EF08C987}"
EndProject
Project("{FAE04EC0-301F-11D3-BF4B-00C04F79EFBC}") = "override_private_virtual_method", "C# and LINQ Concepts\8 - Override Private Virtual Method\override_private_virtual_method\override_private_virtual_method.csproj", "{44D18C91-361F-4D33-867F-0F2E8FBC9820}"
EndProject
Project("{2150E333-8FDC-42A3-9474-1A3956D46DE8}") = "9 - This in Static Method", "9 - This in Static Method", "{B282A93C-4252-4AE0-A2F4-42E61F09BFB1}"
EndProject
Project("{FAE04EC0-301F-11D3-BF4B-00C04F79EFBC}") = "this_in_static_method", "C# and LINQ Concepts\9 - This in Static Method\this_in_static_method\this_in_static_method.csproj", "{B65C2563-F263-414B-9833-024595F78E6F}"
EndProject
Project("{2150E333-8FDC-42A3-9474-1A3956D46DE8}") = "10 - Async and Await Keywords", "10 - Async and Await Keywords", "{C3E47CDB-3EA3-427B-9225-EB24BF77EB3E}"
EndProject
Project("{FAE04EC0-301F-11D3-BF4B-00C04F79EFBC}") = "async_and_await_keywords", "C# and LINQ Concepts\10 - Async and Await Keywords\async_and_await_keywords\async_and_await_keywords.csproj", "{D51E7B2B-5859-4814-97D0-0B06979AE03E}"
EndProject
Project("{2150E333-8FDC-42A3-9474-1A3956D46DE8}") = "11 - Throw vs Throw Ex", "11 - Throw vs Throw Ex", "{2DAA99E2-BC62-4E1B-8EDA-C1D8CD80F892}"
EndProject
Project("{FAE04EC0-301F-11D3-BF4B-00C04F79EFBC}") = "throw_and_throwex", "C# and LINQ Concepts\11 - Throw vs Throw Ex\throw_and_throwex\throw_and_throwex.csproj", "{9C8A8281-B050-4B68-A4A2-7AD7216D37FF}"
EndProject
Project("{2150E333-8FDC-42A3-9474-1A3956D46DE8}") = "12 - Nullable Type in C#", "12 - Nullable Type in C#", "{2D3B9ECF-6304-4051-939F-50697083A1B9}"
EndProject
Project("{FAE04EC0-301F-11D3-BF4B-00C04F79EFBC}") = "nullable_type_in_csharp", "C# and LINQ Concepts\12 - Nullable Type in C#\nullable_type_in_csharp\nullable_type_in_csharp.csproj", "{E5CDFB6D-5ABE-47E0-A483-3251470E8026}"
EndProject
Project("{2150E333-8FDC-42A3-9474-1A3956D46DE8}") = "13 - Boxing and Unboxing in C#", "13 - Boxing and Unboxing in C#", "{9774A3D8-9FC6-4A9D-8232-CAA106E4581D}"
EndProject
Project("{FAE04EC0-301F-11D3-BF4B-00C04F79EFBC}") = "boxing_and_unboxing_in_csharp", "C# and LINQ Concepts\13 - Boxing and Unboxing in C#\boxing_and_unboxing_in_csharp\boxing_and_unboxing_in_csharp.csproj", "{2C42B63F-8049-4675-B8CA-0CFB70C0ADB9}"
EndProject
Project("{2150E333-8FDC-42A3-9474-1A3956D46DE8}") = "14 - Thread in C#", "14 - Thread in C#", "{F649E608-2361-4E92-8D38-20D64D1D5A75}"
EndProject
Project("{FAE04EC0-301F-11D3-BF4B-00C04F79EFBC}") = "thread_in_csharp", "C# and LINQ Concepts\14 - Thread in C#\thread_in_csharp\thread_in_csharp.csproj", "{D656F5C1-7D04-49FA-97DF-1E759B330CFC}"
EndProject
Project("{2150E333-8FDC-42A3-9474-1A3956D46DE8}") = "15 - Tasks in C#", "15 - Tasks in C#", "{0F92A246-39E4-4B1F-82FB-A0A5C01302AE}"
EndProject
Project("{FAE04EC0-301F-11D3-BF4B-00C04F79EFBC}") = "tasks_in_csharp", "C# and LINQ Concepts\15 - Tasks in C#\tasks_in_csharp\tasks_in_csharp.csproj", "{09B0D1CC-C945-40B4-81F5-2B6CD25EF23F}"
EndProject
Project("{2150E333-8FDC-42A3-9474-1A3956D46DE8}") = "16 - ObjectType and DynamicType", "16 - ObjectType and DynamicType", "{65653B4C-469E-427E-8387-86991098A717}"
EndProject
Project("{FAE04EC0-301F-11D3-BF4B-00C04F79EFBC}") = "objecttype_and_dynamictype", "C# and LINQ Concepts\16 - ObjectType and DynamicType\objecttype_and_dynamictype\objecttype_and_dynamictype.csproj", "{0118EAB8-02F7-4E91-B662-F16D8DA0DE1D}"
EndProject
Project("{2150E333-8FDC-42A3-9474-1A3956D46DE8}") = "17 - Passing Parameter in C#", "17 - Passing Parameter in C#", "{968B0332-6F5E-42A4-8EE8-BE082634A9FB}"
EndProject
Project("{FAE04EC0-301F-11D3-BF4B-00C04F79EFBC}") = "passing_parameter_in_csharp", "C# and LINQ Concepts\17 - Passing Parameter in C#\passing_parameter_in_csharp\passing_parameter_in_csharp.csproj", "{357F3FD9-CFDC-4717-BCFD-4013A6C0DA7B}"
EndProject
Project("{2150E333-8FDC-42A3-9474-1A3956D46DE8}") = "18 - DataTypes in C#", "18 - DataTypes in C#", "{E7820E92-24DA-43A6-BB30-D6D8FB73BC08}"
EndProject
Project("{FAE04EC0-301F-11D3-BF4B-00C04F79EFBC}") = "datatypes_in_csharp", "C# and LINQ Concepts\18 - DataTypes in C#\datatypes_in_csharp\datatypes_in_csharp.csproj", "{4E2DF23D-F034-49DA-9164-DD24EA8ECD72}"
EndProject
Project("{2150E333-8FDC-42A3-9474-1A3956D46DE8}") = "19 - Local Variables in C#", "19 - Local Variables in C#", "{6737CE4B-4378-4E12-86D4-69E87C032F1D}"
EndProject
Project("{FAE04EC0-301F-11D3-BF4B-00C04F79EFBC}") = "local_variables_in_csharp", "C# and LINQ Concepts\19 - Local Variables in C#\local_variables_in_csharp\local_variables_in_csharp.csproj", "{35933BD1-6128-410F-AA10-9B70FBBB5786}"
EndProject
Project("{2150E333-8FDC-42A3-9474-1A3956D46DE8}") = "20 - Task vs Thread in C#", "20 - Task vs Thread in C#", "{5DA7C8C1-1DFF-4692-943B-9D2AC8CA044D}"
EndProject
Project("{FAE04EC0-301F-11D3-BF4B-00C04F79EFBC}") = "task_vs_thread_in_csharp", "C# and LINQ Concepts\20 - Task vs Thread in C#\task_vs_thread_in_csharp\task_vs_thread_in_csharp.csproj", "{961C51A9-D2F5-408B-BC7F-203E378863EB}"
EndProject
Project("{2150E333-8FDC-42A3-9474-1A3956D46DE8}") = "21 - Types of LINQ", "21 - Types of LINQ", "{99B09943-67CE-4559-AC09-CB897412557B}"
EndProject
Project("{FAE04EC0-301F-11D3-BF4B-00C04F79EFBC}") = "types_of_linq", "C# and LINQ Concepts\21 - Types of LINQ\types_of_linq\types_of_linq.csproj", "{D862FCBD-699B-4689-A136-5A05B4C69DA2}"
EndProject
Project("{2150E333-8FDC-42A3-9474-1A3956D46DE8}") = "22 - LINQ vs Stored Procedure", "22 - LINQ vs Stored Procedure", "{11CB9AB5-B91C-434F-8E36-126A47E2BEC0}"
EndProject
Project("{FAE04EC0-301F-11D3-BF4B-00C04F79EFBC}") = "linq_vs_stored_procedure", "C# and LINQ Concepts\22 - LINQ vs Stored Procedure\linq_vs_stored_procedure\linq_vs_stored_procedure.csproj", "{26B92B00-C081-4925-810C-2855109C5D4A}"
EndProject
Project("{2150E333-8FDC-42A3-9474-1A3956D46DE8}") = "23 - Where Clause and Let Clause", "23 - Where Clause and Let Clause", "{5FC10363-BC30-4F64-AF10-0375FC198F5F}"
EndProject
Project("{FAE04EC0-301F-11D3-BF4B-00C04F79EFBC}") = "where_clause_and_let_Clause", "C# and LINQ Concepts\23 - Where Clause and Let Clause\where_clause_and_let_Clause\where_clause_and_let_Clause.csproj", "{58B7B86D-30AE-475B-8C5D-D7390C368D9E}"
EndProject
Project("{2150E333-8FDC-42A3-9474-1A3956D46DE8}") = "24 - IEnumerable vs IQueryable", "24 - IEnumerable vs IQueryable", "{80E24E1C-63F8-4663-B304-41F1E5992996}"
EndProject
Project("{FAE04EC0-301F-11D3-BF4B-00C04F79EFBC}") = "ienumerable_vs_iqueryable", "C# and LINQ Concepts\24 - IEnumerable vs IQueryable\ienumerable_vs_iqueryable\ienumerable_vs_iqueryable.csproj", "{6C09A570-372A-42FD-8C3C-EEC1BC2DEE7F}"
EndProject
Project("{2150E333-8FDC-42A3-9474-1A3956D46DE8}") = "25 - Select vs SelectMany", "25 - Select vs SelectMany", "{FE337A02-CD05-4A0A-9DF8-4E4725B316A5}"
EndProject
Project("{FAE04EC0-301F-11D3-BF4B-00C04F79EFBC}") = "select_vs_selectmany", "C# and LINQ Concepts\25 - Select vs SelectMany\select_vs_selectmany\select_vs_selectmany.csproj", "{09C5B6BF-1E84-4115-9D5A-38FE98D08BB0}"
EndProject
Project("{2150E333-8FDC-42A3-9474-1A3956D46DE8}") = "26 - Deferred Execution vs Immediate Execution", "26 - Deferred Execution vs Immediate Execution", "{39BBC9C9-335B-4C0D-8304-AD91A0672E56}"
EndProject
Project("{FAE04EC0-301F-11D3-BF4B-00C04F79EFBC}") = "deferred_and_immediate", "C# and LINQ Concepts\26 - Deferred Execution vs Immediate Execution\deferred_and_immediate\deferred_and_immediate.csproj", "{BBC43D8C-2138-4D59-81A9-6A2531A0861C}"
EndProject
Project("{2150E333-8FDC-42A3-9474-1A3956D46DE8}") = "27 - Exceptions in LINQ", "27 - Exceptions in LINQ", "{9E0C5BF9-93A4-4637-AF54-02E3A7A221DB}"
EndProject
Project("{FAE04EC0-301F-11D3-BF4B-00C04F79EFBC}") = "exceptions_in_linq", "C# and LINQ Concepts\27 - Exceptions in LINQ\exceptions_in_linq\exceptions_in_linq.csproj", "{53DD62F5-754F-43F7-ACB0-B30A869CCD14}"
EndProject
Project("{2150E333-8FDC-42A3-9474-1A3956D46DE8}") = "28 - PLINQ in LINQ", "28 - PLINQ in LINQ", "{5267A5CA-7237-4AC3-8561-8BC973EA4BC5}"
EndProject
Project("{FAE04EC0-301F-11D3-BF4B-00C04F79EFBC}") = "plinq in linq", "C# and LINQ Concepts\28 - PLINQ in LINQ\plinq in linq\plinq in linq.csproj", "{11C650B0-EDB1-4F44-B6DF-BD627474DDD0}"
EndProject
Project("{2150E333-8FDC-42A3-9474-1A3956D46DE8}") = "29 - Optimize LINQ Queries", "29 - Optimize LINQ Queries", "{1A0E58CE-3487-4BE3-A550-9C76CCB41FF3}"
EndProject
Project("{FAE04EC0-301F-11D3-BF4B-00C04F79EFBC}") = "optimize_linq_queries", "C# and LINQ Concepts\29 - Optimize LINQ Queries\optimize_linq_queries\optimize_linq_queries.csproj", "{2E012792-D194-4F92-A7C2-DE44792C40BA}"
EndProject
Project("{2150E333-8FDC-42A3-9474-1A3956D46DE8}") = "30 - Querying XML Documents", "30 - Querying XML Documents", "{9C7EBCB3-95E1-43AF-A8B2-BBDC21380BBE}"
EndProject
Project("{FAE04EC0-301F-11D3-BF4B-00C04F79EFBC}") = "querying_xml_documents", "C# and LINQ Concepts\30 - Querying XML Documents\querying_xml_documents\querying_xml_documents.csproj", "{5DC9FF68-27F7-4C59-953E-35923A01C790}"
EndProject
Project("{2150E333-8FDC-42A3-9474-1A3956D46DE8}") = "31 - ThenBy Clause in LINQ", "31 - ThenBy Clause in LINQ", "{65B07F02-F1DC-4DD0-9BAC-E569E304B3C1}"
EndProject
Project("{FAE04EC0-301F-11D3-BF4B-00C04F79EFBC}") = "theby_clause_in_linq", "C# and LINQ Concepts\31 - ThenBy Clause in LINQ\theby_clause_in_linq\theby_clause_in_linq.csproj", "{FF08961E-C46A-4980-9610-32618C25E8F8}"
EndProject
Project("{2150E333-8FDC-42A3-9474-1A3956D46DE8}") = "32 - First and FirstOrDefault in LINQ", "32 - First and FirstOrDefault in LINQ", "{7A633065-6398-40BF-ABB1-20E8416AF4BE}"
EndProject
Project("{FAE04EC0-301F-11D3-BF4B-00C04F79EFBC}") = "first_vs_firstordefault_in_linq", "C# and LINQ Concepts\32 - First and FirstOrDefault in LINQ\first_vs_firstordefault_in_linq\first_vs_firstordefault_in_linq.csproj", "{8DD265E9-380E-4137-BA3F-40714EEAB2C3}"
EndProject
Project("{2150E333-8FDC-42A3-9474-1A3956D46DE8}") = "33 - Continue vs Break in C#", "33 - Continue vs Break in C#", "{D7DE94ED-0BEB-4512-8C04-68939C795DB7}"
EndProject
Project("{FAE04EC0-301F-11D3-BF4B-00C04F79EFBC}") = "continue_vs_break_in_linq", "C# and LINQ Concepts\33 - Continue vs Break in C#\continue_vs_break_in_linq\continue_vs_break_in_linq.csproj", "{0C6B9AEB-0063-47A8-A53E-91CBB822C960}"
EndProject
Project("{2150E333-8FDC-42A3-9474-1A3956D46DE8}") = "34 - Var vs Dynamic in C#", "34 - Var vs Dynamic in C#", "{756047A6-5C81-4C6A-A2D7-DA1D0D6F609C}"
EndProject
Project("{FAE04EC0-301F-11D3-BF4B-00C04F79EFBC}") = "var_vs_dynamic_in_csharp", "C# and LINQ Concepts\34 - Var vs Dynamic in C#\var_vs_dynamic_in_csharp\var_vs_dynamic_in_csharp.csproj", "{0878B500-263D-440B-89CF-7E6AD856C7B9}"
EndProject
Project("{2150E333-8FDC-42A3-9474-1A3956D46DE8}") = "35 - Indexer in C#", "35 - Indexer in C#", "{9F8B2EBD-D700-477C-995B-A352232178AE}"
EndProject
Project("{FAE04EC0-301F-11D3-BF4B-00C04F79EFBC}") = "indexer_in_csharp", "C# and LINQ Concepts\35 - Indexer in C#\indexer_in_csharp\indexer_in_csharp.csproj", "{44B95038-4B44-4384-ADE2-3699C28F3F33}"
EndProject
Project("{2150E333-8FDC-42A3-9474-1A3956D46DE8}") = "36 - Indexer vs Dictionary in C#", "36 - Indexer vs Dictionary in C#", "{A1EA661C-7904-48DF-8E10-CFDE99B8DCE0}"
EndProject
Project("{FAE04EC0-301F-11D3-BF4B-00C04F79EFBC}") = "indexer_vs_dictionary_in_csharp", "C# and LINQ Concepts\36 - Indexer vs Dictionary in C#\indexer_vs_dictionary_in_csharp\indexer_vs_dictionary_in_csharp.csproj", "{7DA069B2-E8FE-4DF8-ADB0-51EDAEB46D0B}"
EndProject
Project("{2150E333-8FDC-42A3-9474-1A3956D46DE8}") = "37 - Implicit and Explicit Conversion in C#", "37 - Implicit and Explicit Conversion in C#", "{C3185E61-0A5B-4ACA-AC1D-2BE6D70801B5}"
EndProject
Project("{FAE04EC0-301F-11D3-BF4B-00C04F79EFBC}") = "implicit_and_explicit", "C# and LINQ Concepts\37 - Implicit and Explicit Conversion in C#\implicit_and_explicit\implicit_and_explicit.csproj", "{D392C9C1-B190-409C-BDCB-14FAD204DBF8}"
EndProject
Project("{2150E333-8FDC-42A3-9474-1A3956D46DE8}") = "38 - Reflection in C#", "38 - Reflection in C#", "{9927A846-582E-4095-BE27-AD694810803E}"
EndProject
Project("{FAE04EC0-301F-11D3-BF4B-00C04F79EFBC}") = "reflection_in_csharp", "C# and LINQ Concepts\38 - Reflection in C#\reflection_in_csharp\reflection_in_csharp.csproj", "{E9FA0040-1902-4A74-B5A3-8094A19B0B4A}"
EndProject
Project("{2150E333-8FDC-42A3-9474-1A3956D46DE8}") = "39 - Last and LastOrDefault in LINQ", "39 - Last and LastOrDefault in LINQ", "{03D4BDA8-CDB5-4AB1-ADB7-4BC406EA4D66}"
EndProject
Project("{FAE04EC0-301F-11D3-BF4B-00C04F79EFBC}") = "last_vs_lastordefault", "C# and LINQ Concepts\39 - Last and LastOrDefault in LINQ\last_vs_lastordefault\last_vs_lastordefault.csproj", "{C5739D8A-78AB-4054-99B5-AF28391EB9A3}"
EndProject
Project("{2150E333-8FDC-42A3-9474-1A3956D46DE8}") = "40 - Single and SingleOrDefault in LINQ", "40 - Single and SingleOrDefault in LINQ", "{513E1774-833B-49D3-AD0F-B3D9F4AE76E3}"
EndProject
Project("{FAE04EC0-301F-11D3-BF4B-00C04F79EFBC}") = "single_vs_singleordefault", "C# and LINQ Concepts\40 - Single and SingleOrDefault in LINQ\single_vs_singleordefault\single_vs_singleordefault.csproj", "{ED4D1595-49A4-46C2-9756-E104D18B3D4E}"
EndProject
Project("{2150E333-8FDC-42A3-9474-1A3956D46DE8}") = "41 - Take and TakeWhile in LINQ", "41 - Take and TakeWhile in LINQ", "{FA5731B3-8608-4F2B-9ECC-9B56E029AFA0}"
EndProject
Project("{FAE04EC0-301F-11D3-BF4B-00C04F79EFBC}") = "take_vs_takewhile", "C# and LINQ Concepts\41 - Take and TakeWhile in LINQ\take_vs_takewhile\take_vs_takewhile.csproj", "{6CA44E9B-245F-413F-8A94-42EC9D2B0C4C}"
EndProject
Project("{2150E333-8FDC-42A3-9474-1A3956D46DE8}") = "42 - Skip and SkipWhile in LINQ", "42 - Skip and SkipWhile in LINQ", "{DD91E636-A5C9-4530-8C79-32FC482E1F72}"
EndProject
Project("{FAE04EC0-301F-11D3-BF4B-00C04F79EFBC}") = "skip_vs_skipwhile", "C# and LINQ Concepts\42 - Skip and SkipWhile in LINQ\skip_vs_skipwhile\skip_vs_skipwhile.csproj", "{9E0E4D76-A84D-49CE-9874-7572A017BAEF}"
EndProject
Project("{2150E333-8FDC-42A3-9474-1A3956D46DE8}") = "43 - Concat and Union in LINQ", "43 - Concat and Union in LINQ", "{B20AAB00-0FDF-4EDA-B878-003FABCC02FE}"
EndProject
Project("{FAE04EC0-301F-11D3-BF4B-00C04F79EFBC}") = "conact_vs_union", "C# and LINQ Concepts\43 - Concat and Union in LINQ\conact_vs_union\conact_vs_union.csproj", "{416A8C75-6C5F-42BC-BAAF-0D8CD7BF8311}"
EndProject
Global
	GlobalSection(SolutionConfigurationPlatforms) = preSolution
		Debug|Any CPU = Debug|Any CPU
		Release|Any CPU = Release|Any CPU
	EndGlobalSection
	GlobalSection(ProjectConfigurationPlatforms) = postSolution
		{058B34C7-C397-4D0F-9D7B-209F3085927B}.Debug|Any CPU.ActiveCfg = Debug|Any CPU
		{058B34C7-C397-4D0F-9D7B-209F3085927B}.Debug|Any CPU.Build.0 = Debug|Any CPU
		{058B34C7-C397-4D0F-9D7B-209F3085927B}.Release|Any CPU.ActiveCfg = Release|Any CPU
		{058B34C7-C397-4D0F-9D7B-209F3085927B}.Release|Any CPU.Build.0 = Release|Any CPU
		{2BDA8382-3562-4B80-B64C-C1E968016543}.Debug|Any CPU.ActiveCfg = Debug|Any CPU
		{2BDA8382-3562-4B80-B64C-C1E968016543}.Debug|Any CPU.Build.0 = Debug|Any CPU
		{2BDA8382-3562-4B80-B64C-C1E968016543}.Release|Any CPU.ActiveCfg = Release|Any CPU
		{2BDA8382-3562-4B80-B64C-C1E968016543}.Release|Any CPU.Build.0 = Release|Any CPU
		{15BA2BC3-1EE8-470E-88D0-55FFF50048D0}.Debug|Any CPU.ActiveCfg = Debug|Any CPU
		{15BA2BC3-1EE8-470E-88D0-55FFF50048D0}.Debug|Any CPU.Build.0 = Debug|Any CPU
		{15BA2BC3-1EE8-470E-88D0-55FFF50048D0}.Release|Any CPU.ActiveCfg = Release|Any CPU
		{15BA2BC3-1EE8-470E-88D0-55FFF50048D0}.Release|Any CPU.Build.0 = Release|Any CPU
		{9A145CD3-D98F-443A-A2A7-745585918F2D}.Debug|Any CPU.ActiveCfg = Debug|Any CPU
		{9A145CD3-D98F-443A-A2A7-745585918F2D}.Debug|Any CPU.Build.0 = Debug|Any CPU
		{9A145CD3-D98F-443A-A2A7-745585918F2D}.Release|Any CPU.ActiveCfg = Release|Any CPU
		{9A145CD3-D98F-443A-A2A7-745585918F2D}.Release|Any CPU.Build.0 = Release|Any CPU
		{88B474F2-6A64-4EFB-BE47-7A159ADFC8FD}.Debug|Any CPU.ActiveCfg = Debug|Any CPU
		{88B474F2-6A64-4EFB-BE47-7A159ADFC8FD}.Debug|Any CPU.Build.0 = Debug|Any CPU
		{88B474F2-6A64-4EFB-BE47-7A159ADFC8FD}.Release|Any CPU.ActiveCfg = Release|Any CPU
		{88B474F2-6A64-4EFB-BE47-7A159ADFC8FD}.Release|Any CPU.Build.0 = Release|Any CPU
		{AB6D0F6E-B1D2-4D98-9AF0-FBEC0BACABC7}.Debug|Any CPU.ActiveCfg = Debug|Any CPU
		{AB6D0F6E-B1D2-4D98-9AF0-FBEC0BACABC7}.Debug|Any CPU.Build.0 = Debug|Any CPU
		{AB6D0F6E-B1D2-4D98-9AF0-FBEC0BACABC7}.Release|Any CPU.ActiveCfg = Release|Any CPU
		{AB6D0F6E-B1D2-4D98-9AF0-FBEC0BACABC7}.Release|Any CPU.Build.0 = Release|Any CPU
		{490310AA-C523-40DB-BB00-418AA429111F}.Debug|Any CPU.ActiveCfg = Debug|Any CPU
		{490310AA-C523-40DB-BB00-418AA429111F}.Debug|Any CPU.Build.0 = Debug|Any CPU
		{490310AA-C523-40DB-BB00-418AA429111F}.Release|Any CPU.ActiveCfg = Release|Any CPU
		{490310AA-C523-40DB-BB00-418AA429111F}.Release|Any CPU.Build.0 = Release|Any CPU
		{2D2AF760-A0D7-4418-A7C2-F8EBDF52A825}.Debug|Any CPU.ActiveCfg = Debug|Any CPU
		{2D2AF760-A0D7-4418-A7C2-F8EBDF52A825}.Debug|Any CPU.Build.0 = Debug|Any CPU
		{2D2AF760-A0D7-4418-A7C2-F8EBDF52A825}.Release|Any CPU.ActiveCfg = Release|Any CPU
		{2D2AF760-A0D7-4418-A7C2-F8EBDF52A825}.Release|Any CPU.Build.0 = Release|Any CPU
		{5CF58CAE-8ECC-4C41-92D3-A45DCF574A56}.Debug|Any CPU.ActiveCfg = Debug|Any CPU
		{5CF58CAE-8ECC-4C41-92D3-A45DCF574A56}.Debug|Any CPU.Build.0 = Debug|Any CPU
		{5CF58CAE-8ECC-4C41-92D3-A45DCF574A56}.Release|Any CPU.ActiveCfg = Release|Any CPU
		{5CF58CAE-8ECC-4C41-92D3-A45DCF574A56}.Release|Any CPU.Build.0 = Release|Any CPU
		{6DC646B1-C726-4E4D-8D6F-D68ABEECE5C2}.Debug|Any CPU.ActiveCfg = Debug|Any CPU
		{6DC646B1-C726-4E4D-8D6F-D68ABEECE5C2}.Debug|Any CPU.Build.0 = Debug|Any CPU
		{6DC646B1-C726-4E4D-8D6F-D68ABEECE5C2}.Release|Any CPU.ActiveCfg = Release|Any CPU
		{6DC646B1-C726-4E4D-8D6F-D68ABEECE5C2}.Release|Any CPU.Build.0 = Release|Any CPU
		{4A3395DB-C121-4517-B519-985108082495}.Debug|Any CPU.ActiveCfg = Debug|Any CPU
		{4A3395DB-C121-4517-B519-985108082495}.Debug|Any CPU.Build.0 = Debug|Any CPU
		{4A3395DB-C121-4517-B519-985108082495}.Release|Any CPU.ActiveCfg = Release|Any CPU
		{4A3395DB-C121-4517-B519-985108082495}.Release|Any CPU.Build.0 = Release|Any CPU
		{B3C2779B-CF8D-42EB-93F6-9C6ED18E06EB}.Debug|Any CPU.ActiveCfg = Debug|Any CPU
		{B3C2779B-CF8D-42EB-93F6-9C6ED18E06EB}.Debug|Any CPU.Build.0 = Debug|Any CPU
		{B3C2779B-CF8D-42EB-93F6-9C6ED18E06EB}.Release|Any CPU.ActiveCfg = Release|Any CPU
		{B3C2779B-CF8D-42EB-93F6-9C6ED18E06EB}.Release|Any CPU.Build.0 = Release|Any CPU
		{CE589C5D-41DB-480A-9266-FD595DF12C3B}.Debug|Any CPU.ActiveCfg = Debug|Any CPU
		{CE589C5D-41DB-480A-9266-FD595DF12C3B}.Debug|Any CPU.Build.0 = Debug|Any CPU
		{CE589C5D-41DB-480A-9266-FD595DF12C3B}.Release|Any CPU.ActiveCfg = Release|Any CPU
		{CE589C5D-41DB-480A-9266-FD595DF12C3B}.Release|Any CPU.Build.0 = Release|Any CPU
		{ABB64108-CB67-490B-897E-B3C3CD88ED52}.Debug|Any CPU.ActiveCfg = Debug|Any CPU
		{ABB64108-CB67-490B-897E-B3C3CD88ED52}.Debug|Any CPU.Build.0 = Debug|Any CPU
		{ABB64108-CB67-490B-897E-B3C3CD88ED52}.Release|Any CPU.ActiveCfg = Release|Any CPU
		{ABB64108-CB67-490B-897E-B3C3CD88ED52}.Release|Any CPU.Build.0 = Release|Any CPU
		{87DEC5E7-3271-40EE-A980-D1881FE959FE}.Debug|Any CPU.ActiveCfg = Debug|Any CPU
		{87DEC5E7-3271-40EE-A980-D1881FE959FE}.Debug|Any CPU.Build.0 = Debug|Any CPU
		{87DEC5E7-3271-40EE-A980-D1881FE959FE}.Release|Any CPU.ActiveCfg = Release|Any CPU
		{87DEC5E7-3271-40EE-A980-D1881FE959FE}.Release|Any CPU.Build.0 = Release|Any CPU
		{3952C2C9-693F-48CC-8DC7-1C4A173B34C4}.Debug|Any CPU.ActiveCfg = Debug|Any CPU
		{3952C2C9-693F-48CC-8DC7-1C4A173B34C4}.Debug|Any CPU.Build.0 = Debug|Any CPU
		{3952C2C9-693F-48CC-8DC7-1C4A173B34C4}.Release|Any CPU.ActiveCfg = Release|Any CPU
		{3952C2C9-693F-48CC-8DC7-1C4A173B34C4}.Release|Any CPU.Build.0 = Release|Any CPU
		{B43A53FE-035D-441B-B04F-AF0A16CBEA53}.Debug|Any CPU.ActiveCfg = Debug|Any CPU
		{B43A53FE-035D-441B-B04F-AF0A16CBEA53}.Debug|Any CPU.Build.0 = Debug|Any CPU
		{B43A53FE-035D-441B-B04F-AF0A16CBEA53}.Release|Any CPU.ActiveCfg = Release|Any CPU
		{B43A53FE-035D-441B-B04F-AF0A16CBEA53}.Release|Any CPU.Build.0 = Release|Any CPU
		{9C69C34E-E072-4B59-B26A-A1B25B949639}.Debug|Any CPU.ActiveCfg = Debug|Any CPU
		{9C69C34E-E072-4B59-B26A-A1B25B949639}.Debug|Any CPU.Build.0 = Debug|Any CPU
		{9C69C34E-E072-4B59-B26A-A1B25B949639}.Release|Any CPU.ActiveCfg = Release|Any CPU
		{9C69C34E-E072-4B59-B26A-A1B25B949639}.Release|Any CPU.Build.0 = Release|Any CPU
		{A26DEDAC-287D-4542-9564-62ED22151371}.Debug|Any CPU.ActiveCfg = Debug|Any CPU
		{A26DEDAC-287D-4542-9564-62ED22151371}.Debug|Any CPU.Build.0 = Debug|Any CPU
		{A26DEDAC-287D-4542-9564-62ED22151371}.Release|Any CPU.ActiveCfg = Release|Any CPU
		{A26DEDAC-287D-4542-9564-62ED22151371}.Release|Any CPU.Build.0 = Release|Any CPU
		{0163690E-BBB7-49B9-B7E9-C48ACD043649}.Debug|Any CPU.ActiveCfg = Debug|Any CPU
		{0163690E-BBB7-49B9-B7E9-C48ACD043649}.Debug|Any CPU.Build.0 = Debug|Any CPU
		{0163690E-BBB7-49B9-B7E9-C48ACD043649}.Release|Any CPU.ActiveCfg = Release|Any CPU
		{0163690E-BBB7-49B9-B7E9-C48ACD043649}.Release|Any CPU.Build.0 = Release|Any CPU
		{F966021C-F538-4356-827C-196004A073DF}.Debug|Any CPU.ActiveCfg = Debug|Any CPU
		{F966021C-F538-4356-827C-196004A073DF}.Debug|Any CPU.Build.0 = Debug|Any CPU
		{F966021C-F538-4356-827C-196004A073DF}.Release|Any CPU.ActiveCfg = Release|Any CPU
		{F966021C-F538-4356-827C-196004A073DF}.Release|Any CPU.Build.0 = Release|Any CPU
		{43F3B896-5E81-4D91-8AF6-0A20BD852D9F}.Debug|Any CPU.ActiveCfg = Debug|Any CPU
		{43F3B896-5E81-4D91-8AF6-0A20BD852D9F}.Debug|Any CPU.Build.0 = Debug|Any CPU
		{43F3B896-5E81-4D91-8AF6-0A20BD852D9F}.Release|Any CPU.ActiveCfg = Release|Any CPU
		{43F3B896-5E81-4D91-8AF6-0A20BD852D9F}.Release|Any CPU.Build.0 = Release|Any CPU
		{FCEDAC3C-98F5-49D3-9E31-E2F6ABB450C5}.Debug|Any CPU.ActiveCfg = Debug|Any CPU
		{FCEDAC3C-98F5-49D3-9E31-E2F6ABB450C5}.Debug|Any CPU.Build.0 = Debug|Any CPU
		{FCEDAC3C-98F5-49D3-9E31-E2F6ABB450C5}.Release|Any CPU.ActiveCfg = Release|Any CPU
		{FCEDAC3C-98F5-49D3-9E31-E2F6ABB450C5}.Release|Any CPU.Build.0 = Release|Any CPU
		{F111F804-76F4-4D26-8B43-A2AE37787C2D}.Debug|Any CPU.ActiveCfg = Debug|Any CPU
		{F111F804-76F4-4D26-8B43-A2AE37787C2D}.Debug|Any CPU.Build.0 = Debug|Any CPU
		{F111F804-76F4-4D26-8B43-A2AE37787C2D}.Release|Any CPU.ActiveCfg = Release|Any CPU
		{F111F804-76F4-4D26-8B43-A2AE37787C2D}.Release|Any CPU.Build.0 = Release|Any CPU
		{3CC02929-29D4-4963-BFB4-7E3FA690496C}.Debug|Any CPU.ActiveCfg = Debug|Any CPU
		{3CC02929-29D4-4963-BFB4-7E3FA690496C}.Debug|Any CPU.Build.0 = Debug|Any CPU
		{3CC02929-29D4-4963-BFB4-7E3FA690496C}.Release|Any CPU.ActiveCfg = Release|Any CPU
		{3CC02929-29D4-4963-BFB4-7E3FA690496C}.Release|Any CPU.Build.0 = Release|Any CPU
		{8E0DF1AB-B3FF-49FF-AF7B-C743B7BA162F}.Debug|Any CPU.ActiveCfg = Debug|Any CPU
		{8E0DF1AB-B3FF-49FF-AF7B-C743B7BA162F}.Debug|Any CPU.Build.0 = Debug|Any CPU
		{8E0DF1AB-B3FF-49FF-AF7B-C743B7BA162F}.Release|Any CPU.ActiveCfg = Release|Any CPU
		{8E0DF1AB-B3FF-49FF-AF7B-C743B7BA162F}.Release|Any CPU.Build.0 = Release|Any CPU
		{F033DCC9-D027-4BB0-9C38-B17DF1439B05}.Debug|Any CPU.ActiveCfg = Debug|Any CPU
		{F033DCC9-D027-4BB0-9C38-B17DF1439B05}.Debug|Any CPU.Build.0 = Debug|Any CPU
		{F033DCC9-D027-4BB0-9C38-B17DF1439B05}.Release|Any CPU.ActiveCfg = Release|Any CPU
		{F033DCC9-D027-4BB0-9C38-B17DF1439B05}.Release|Any CPU.Build.0 = Release|Any CPU
		{7CA36392-CF92-4B67-9132-A09A18CB5363}.Debug|Any CPU.ActiveCfg = Debug|Any CPU
		{7CA36392-CF92-4B67-9132-A09A18CB5363}.Debug|Any CPU.Build.0 = Debug|Any CPU
		{7CA36392-CF92-4B67-9132-A09A18CB5363}.Release|Any CPU.ActiveCfg = Release|Any CPU
		{7CA36392-CF92-4B67-9132-A09A18CB5363}.Release|Any CPU.Build.0 = Release|Any CPU
		{2485E581-1FA8-454F-B12D-8A15382002F3}.Debug|Any CPU.ActiveCfg = Debug|Any CPU
		{2485E581-1FA8-454F-B12D-8A15382002F3}.Debug|Any CPU.Build.0 = Debug|Any CPU
		{2485E581-1FA8-454F-B12D-8A15382002F3}.Release|Any CPU.ActiveCfg = Release|Any CPU
		{2485E581-1FA8-454F-B12D-8A15382002F3}.Release|Any CPU.Build.0 = Release|Any CPU
		{066F82D7-81D7-4578-ADD8-F644E3DFD8A6}.Debug|Any CPU.ActiveCfg = Debug|Any CPU
		{066F82D7-81D7-4578-ADD8-F644E3DFD8A6}.Debug|Any CPU.Build.0 = Debug|Any CPU
		{066F82D7-81D7-4578-ADD8-F644E3DFD8A6}.Release|Any CPU.ActiveCfg = Release|Any CPU
		{066F82D7-81D7-4578-ADD8-F644E3DFD8A6}.Release|Any CPU.Build.0 = Release|Any CPU
		{018E978D-E628-4795-A827-75D58CEA3DB7}.Debug|Any CPU.ActiveCfg = Debug|Any CPU
		{018E978D-E628-4795-A827-75D58CEA3DB7}.Debug|Any CPU.Build.0 = Debug|Any CPU
		{018E978D-E628-4795-A827-75D58CEA3DB7}.Release|Any CPU.ActiveCfg = Release|Any CPU
		{018E978D-E628-4795-A827-75D58CEA3DB7}.Release|Any CPU.Build.0 = Release|Any CPU
		{5708FE2C-F0AD-4180-822A-23E995792798}.Debug|Any CPU.ActiveCfg = Debug|Any CPU
		{5708FE2C-F0AD-4180-822A-23E995792798}.Debug|Any CPU.Build.0 = Debug|Any CPU
		{5708FE2C-F0AD-4180-822A-23E995792798}.Release|Any CPU.ActiveCfg = Release|Any CPU
		{5708FE2C-F0AD-4180-822A-23E995792798}.Release|Any CPU.Build.0 = Release|Any CPU
		{A0CBAC96-A041-4212-8B63-D4C511279D3E}.Debug|Any CPU.ActiveCfg = Debug|Any CPU
		{A0CBAC96-A041-4212-8B63-D4C511279D3E}.Debug|Any CPU.Build.0 = Debug|Any CPU
		{A0CBAC96-A041-4212-8B63-D4C511279D3E}.Release|Any CPU.ActiveCfg = Release|Any CPU
		{A0CBAC96-A041-4212-8B63-D4C511279D3E}.Release|Any CPU.Build.0 = Release|Any CPU
		{93F4EFF3-8AEF-486C-9C8D-6C1179FC99FC}.Debug|Any CPU.ActiveCfg = Debug|Any CPU
		{93F4EFF3-8AEF-486C-9C8D-6C1179FC99FC}.Debug|Any CPU.Build.0 = Debug|Any CPU
		{93F4EFF3-8AEF-486C-9C8D-6C1179FC99FC}.Release|Any CPU.ActiveCfg = Release|Any CPU
		{93F4EFF3-8AEF-486C-9C8D-6C1179FC99FC}.Release|Any CPU.Build.0 = Release|Any CPU
		{6E6191EF-7B32-4A5B-9D9F-F316D591B628}.Debug|Any CPU.ActiveCfg = Debug|Any CPU
		{6E6191EF-7B32-4A5B-9D9F-F316D591B628}.Debug|Any CPU.Build.0 = Debug|Any CPU
		{6E6191EF-7B32-4A5B-9D9F-F316D591B628}.Release|Any CPU.ActiveCfg = Release|Any CPU
		{6E6191EF-7B32-4A5B-9D9F-F316D591B628}.Release|Any CPU.Build.0 = Release|Any CPU
		{B340F13B-5BD3-4CD1-A5FE-A4DF0834E5F6}.Debug|Any CPU.ActiveCfg = Debug|Any CPU
		{B340F13B-5BD3-4CD1-A5FE-A4DF0834E5F6}.Debug|Any CPU.Build.0 = Debug|Any CPU
		{B340F13B-5BD3-4CD1-A5FE-A4DF0834E5F6}.Release|Any CPU.ActiveCfg = Release|Any CPU
		{B340F13B-5BD3-4CD1-A5FE-A4DF0834E5F6}.Release|Any CPU.Build.0 = Release|Any CPU
		{0BFD57C4-DF74-48CA-9F34-89DF9AC4255B}.Debug|Any CPU.ActiveCfg = Debug|Any CPU
		{0BFD57C4-DF74-48CA-9F34-89DF9AC4255B}.Debug|Any CPU.Build.0 = Debug|Any CPU
		{0BFD57C4-DF74-48CA-9F34-89DF9AC4255B}.Release|Any CPU.ActiveCfg = Release|Any CPU
		{0BFD57C4-DF74-48CA-9F34-89DF9AC4255B}.Release|Any CPU.Build.0 = Release|Any CPU
		{362F935B-18D9-4F80-9F0D-B7E64B4728FC}.Debug|Any CPU.ActiveCfg = Debug|Any CPU
		{362F935B-18D9-4F80-9F0D-B7E64B4728FC}.Debug|Any CPU.Build.0 = Debug|Any CPU
		{362F935B-18D9-4F80-9F0D-B7E64B4728FC}.Release|Any CPU.ActiveCfg = Release|Any CPU
		{362F935B-18D9-4F80-9F0D-B7E64B4728FC}.Release|Any CPU.Build.0 = Release|Any CPU
		{1EE12B6A-1A10-49F2-8E3D-34750469B188}.Debug|Any CPU.ActiveCfg = Debug|Any CPU
		{1EE12B6A-1A10-49F2-8E3D-34750469B188}.Debug|Any CPU.Build.0 = Debug|Any CPU
		{1EE12B6A-1A10-49F2-8E3D-34750469B188}.Release|Any CPU.ActiveCfg = Release|Any CPU
		{1EE12B6A-1A10-49F2-8E3D-34750469B188}.Release|Any CPU.Build.0 = Release|Any CPU
		{937D8056-D188-47AA-AB3F-359A70E3A581}.Debug|Any CPU.ActiveCfg = Debug|Any CPU
		{937D8056-D188-47AA-AB3F-359A70E3A581}.Debug|Any CPU.Build.0 = Debug|Any CPU
		{937D8056-D188-47AA-AB3F-359A70E3A581}.Release|Any CPU.ActiveCfg = Release|Any CPU
		{937D8056-D188-47AA-AB3F-359A70E3A581}.Release|Any CPU.Build.0 = Release|Any CPU
		{DC58174F-90E4-4ACB-8C1A-2448CBC038D1}.Debug|Any CPU.ActiveCfg = Debug|Any CPU
		{DC58174F-90E4-4ACB-8C1A-2448CBC038D1}.Debug|Any CPU.Build.0 = Debug|Any CPU
		{DC58174F-90E4-4ACB-8C1A-2448CBC038D1}.Release|Any CPU.ActiveCfg = Release|Any CPU
		{DC58174F-90E4-4ACB-8C1A-2448CBC038D1}.Release|Any CPU.Build.0 = Release|Any CPU
		{37D463A0-80A7-459F-95AE-50FBA0C61523}.Debug|Any CPU.ActiveCfg = Debug|Any CPU
		{37D463A0-80A7-459F-95AE-50FBA0C61523}.Debug|Any CPU.Build.0 = Debug|Any CPU
		{37D463A0-80A7-459F-95AE-50FBA0C61523}.Release|Any CPU.ActiveCfg = Release|Any CPU
		{37D463A0-80A7-459F-95AE-50FBA0C61523}.Release|Any CPU.Build.0 = Release|Any CPU
		{17E7CF75-F7C6-4F47-BD30-8932DE65713A}.Debug|Any CPU.ActiveCfg = Debug|Any CPU
		{17E7CF75-F7C6-4F47-BD30-8932DE65713A}.Debug|Any CPU.Build.0 = Debug|Any CPU
		{17E7CF75-F7C6-4F47-BD30-8932DE65713A}.Release|Any CPU.ActiveCfg = Release|Any CPU
		{17E7CF75-F7C6-4F47-BD30-8932DE65713A}.Release|Any CPU.Build.0 = Release|Any CPU
		{B3CB513B-8E97-4A93-A31D-4963AFBD0C1E}.Debug|Any CPU.ActiveCfg = Debug|Any CPU
		{B3CB513B-8E97-4A93-A31D-4963AFBD0C1E}.Debug|Any CPU.Build.0 = Debug|Any CPU
		{B3CB513B-8E97-4A93-A31D-4963AFBD0C1E}.Release|Any CPU.ActiveCfg = Release|Any CPU
		{B3CB513B-8E97-4A93-A31D-4963AFBD0C1E}.Release|Any CPU.Build.0 = Release|Any CPU
		{CE8C8D98-1FC5-48CC-B3BE-BF939198C9FB}.Debug|Any CPU.ActiveCfg = Debug|Any CPU
		{CE8C8D98-1FC5-48CC-B3BE-BF939198C9FB}.Debug|Any CPU.Build.0 = Debug|Any CPU
		{CE8C8D98-1FC5-48CC-B3BE-BF939198C9FB}.Release|Any CPU.ActiveCfg = Release|Any CPU
		{CE8C8D98-1FC5-48CC-B3BE-BF939198C9FB}.Release|Any CPU.Build.0 = Release|Any CPU
		{B960009A-2742-4A1B-B968-3683BCD70ED1}.Debug|Any CPU.ActiveCfg = Debug|Any CPU
		{B960009A-2742-4A1B-B968-3683BCD70ED1}.Debug|Any CPU.Build.0 = Debug|Any CPU
		{B960009A-2742-4A1B-B968-3683BCD70ED1}.Release|Any CPU.ActiveCfg = Release|Any CPU
		{B960009A-2742-4A1B-B968-3683BCD70ED1}.Release|Any CPU.Build.0 = Release|Any CPU
		{03F440AF-1357-4B21-B358-FD926EAF8C5F}.Debug|Any CPU.ActiveCfg = Debug|Any CPU
		{03F440AF-1357-4B21-B358-FD926EAF8C5F}.Debug|Any CPU.Build.0 = Debug|Any CPU
		{03F440AF-1357-4B21-B358-FD926EAF8C5F}.Release|Any CPU.ActiveCfg = Release|Any CPU
		{03F440AF-1357-4B21-B358-FD926EAF8C5F}.Release|Any CPU.Build.0 = Release|Any CPU
		{D1B53A08-CC25-409A-BED1-E70F6A23995D}.Debug|Any CPU.ActiveCfg = Debug|Any CPU
		{D1B53A08-CC25-409A-BED1-E70F6A23995D}.Debug|Any CPU.Build.0 = Debug|Any CPU
		{D1B53A08-CC25-409A-BED1-E70F6A23995D}.Release|Any CPU.ActiveCfg = Release|Any CPU
		{D1B53A08-CC25-409A-BED1-E70F6A23995D}.Release|Any CPU.Build.0 = Release|Any CPU
		{05A162B5-38AF-4357-826A-77082F90953A}.Debug|Any CPU.ActiveCfg = Debug|Any CPU
		{05A162B5-38AF-4357-826A-77082F90953A}.Debug|Any CPU.Build.0 = Debug|Any CPU
		{05A162B5-38AF-4357-826A-77082F90953A}.Release|Any CPU.ActiveCfg = Release|Any CPU
		{05A162B5-38AF-4357-826A-77082F90953A}.Release|Any CPU.Build.0 = Release|Any CPU
		{DFC25710-1430-41E8-8EE8-7995CC421812}.Debug|Any CPU.ActiveCfg = Debug|Any CPU
		{DFC25710-1430-41E8-8EE8-7995CC421812}.Debug|Any CPU.Build.0 = Debug|Any CPU
		{DFC25710-1430-41E8-8EE8-7995CC421812}.Release|Any CPU.ActiveCfg = Release|Any CPU
		{DFC25710-1430-41E8-8EE8-7995CC421812}.Release|Any CPU.Build.0 = Release|Any CPU
		{ED104DC6-9A33-48C0-83E6-CB3C7E620E4F}.Debug|Any CPU.ActiveCfg = Debug|Any CPU
		{ED104DC6-9A33-48C0-83E6-CB3C7E620E4F}.Debug|Any CPU.Build.0 = Debug|Any CPU
		{ED104DC6-9A33-48C0-83E6-CB3C7E620E4F}.Release|Any CPU.ActiveCfg = Release|Any CPU
		{ED104DC6-9A33-48C0-83E6-CB3C7E620E4F}.Release|Any CPU.Build.0 = Release|Any CPU
		{933EB837-2587-4AB8-BBB6-6D185EC89523}.Debug|Any CPU.ActiveCfg = Debug|Any CPU
		{933EB837-2587-4AB8-BBB6-6D185EC89523}.Debug|Any CPU.Build.0 = Debug|Any CPU
		{933EB837-2587-4AB8-BBB6-6D185EC89523}.Release|Any CPU.ActiveCfg = Release|Any CPU
		{933EB837-2587-4AB8-BBB6-6D185EC89523}.Release|Any CPU.Build.0 = Release|Any CPU
		{B8F66734-19EE-44B4-B913-FB61D37FB14E}.Debug|Any CPU.ActiveCfg = Debug|Any CPU
		{B8F66734-19EE-44B4-B913-FB61D37FB14E}.Debug|Any CPU.Build.0 = Debug|Any CPU
		{B8F66734-19EE-44B4-B913-FB61D37FB14E}.Release|Any CPU.ActiveCfg = Release|Any CPU
		{B8F66734-19EE-44B4-B913-FB61D37FB14E}.Release|Any CPU.Build.0 = Release|Any CPU
		{92713F65-EBDD-4345-BC17-AD69C66610CA}.Debug|Any CPU.ActiveCfg = Debug|Any CPU
		{92713F65-EBDD-4345-BC17-AD69C66610CA}.Debug|Any CPU.Build.0 = Debug|Any CPU
		{92713F65-EBDD-4345-BC17-AD69C66610CA}.Release|Any CPU.ActiveCfg = Release|Any CPU
		{92713F65-EBDD-4345-BC17-AD69C66610CA}.Release|Any CPU.Build.0 = Release|Any CPU
		{251B3DBD-9F0D-46F7-81F4-8910D00FDACE}.Debug|Any CPU.ActiveCfg = Debug|Any CPU
		{251B3DBD-9F0D-46F7-81F4-8910D00FDACE}.Debug|Any CPU.Build.0 = Debug|Any CPU
		{251B3DBD-9F0D-46F7-81F4-8910D00FDACE}.Release|Any CPU.ActiveCfg = Release|Any CPU
		{251B3DBD-9F0D-46F7-81F4-8910D00FDACE}.Release|Any CPU.Build.0 = Release|Any CPU
		{B413B4A8-B5D1-47FF-A65F-0AD35AEF8218}.Debug|Any CPU.ActiveCfg = Debug|Any CPU
		{B413B4A8-B5D1-47FF-A65F-0AD35AEF8218}.Debug|Any CPU.Build.0 = Debug|Any CPU
		{B413B4A8-B5D1-47FF-A65F-0AD35AEF8218}.Release|Any CPU.ActiveCfg = Release|Any CPU
		{B413B4A8-B5D1-47FF-A65F-0AD35AEF8218}.Release|Any CPU.Build.0 = Release|Any CPU
		{AB03FAE9-11D2-4617-A7B2-F534D6B11619}.Debug|Any CPU.ActiveCfg = Debug|Any CPU
		{AB03FAE9-11D2-4617-A7B2-F534D6B11619}.Debug|Any CPU.Build.0 = Debug|Any CPU
		{AB03FAE9-11D2-4617-A7B2-F534D6B11619}.Release|Any CPU.ActiveCfg = Release|Any CPU
		{AB03FAE9-11D2-4617-A7B2-F534D6B11619}.Release|Any CPU.Build.0 = Release|Any CPU
		{9F0CB68A-7098-4570-A429-74392608F6BA}.Debug|Any CPU.ActiveCfg = Debug|Any CPU
		{9F0CB68A-7098-4570-A429-74392608F6BA}.Debug|Any CPU.Build.0 = Debug|Any CPU
		{9F0CB68A-7098-4570-A429-74392608F6BA}.Release|Any CPU.ActiveCfg = Release|Any CPU
		{9F0CB68A-7098-4570-A429-74392608F6BA}.Release|Any CPU.Build.0 = Release|Any CPU
		{44D18C91-361F-4D33-867F-0F2E8FBC9820}.Debug|Any CPU.ActiveCfg = Debug|Any CPU
		{44D18C91-361F-4D33-867F-0F2E8FBC9820}.Debug|Any CPU.Build.0 = Debug|Any CPU
		{44D18C91-361F-4D33-867F-0F2E8FBC9820}.Release|Any CPU.ActiveCfg = Release|Any CPU
		{44D18C91-361F-4D33-867F-0F2E8FBC9820}.Release|Any CPU.Build.0 = Release|Any CPU
		{B65C2563-F263-414B-9833-024595F78E6F}.Debug|Any CPU.ActiveCfg = Debug|Any CPU
		{B65C2563-F263-414B-9833-024595F78E6F}.Debug|Any CPU.Build.0 = Debug|Any CPU
		{B65C2563-F263-414B-9833-024595F78E6F}.Release|Any CPU.ActiveCfg = Release|Any CPU
		{B65C2563-F263-414B-9833-024595F78E6F}.Release|Any CPU.Build.0 = Release|Any CPU
		{D51E7B2B-5859-4814-97D0-0B06979AE03E}.Debug|Any CPU.ActiveCfg = Debug|Any CPU
		{D51E7B2B-5859-4814-97D0-0B06979AE03E}.Debug|Any CPU.Build.0 = Debug|Any CPU
		{D51E7B2B-5859-4814-97D0-0B06979AE03E}.Release|Any CPU.ActiveCfg = Release|Any CPU
		{D51E7B2B-5859-4814-97D0-0B06979AE03E}.Release|Any CPU.Build.0 = Release|Any CPU
		{9C8A8281-B050-4B68-A4A2-7AD7216D37FF}.Debug|Any CPU.ActiveCfg = Debug|Any CPU
		{9C8A8281-B050-4B68-A4A2-7AD7216D37FF}.Debug|Any CPU.Build.0 = Debug|Any CPU
		{9C8A8281-B050-4B68-A4A2-7AD7216D37FF}.Release|Any CPU.ActiveCfg = Release|Any CPU
		{9C8A8281-B050-4B68-A4A2-7AD7216D37FF}.Release|Any CPU.Build.0 = Release|Any CPU
		{E5CDFB6D-5ABE-47E0-A483-3251470E8026}.Debug|Any CPU.ActiveCfg = Debug|Any CPU
		{E5CDFB6D-5ABE-47E0-A483-3251470E8026}.Debug|Any CPU.Build.0 = Debug|Any CPU
		{E5CDFB6D-5ABE-47E0-A483-3251470E8026}.Release|Any CPU.ActiveCfg = Release|Any CPU
		{E5CDFB6D-5ABE-47E0-A483-3251470E8026}.Release|Any CPU.Build.0 = Release|Any CPU
		{2C42B63F-8049-4675-B8CA-0CFB70C0ADB9}.Debug|Any CPU.ActiveCfg = Debug|Any CPU
		{2C42B63F-8049-4675-B8CA-0CFB70C0ADB9}.Debug|Any CPU.Build.0 = Debug|Any CPU
		{2C42B63F-8049-4675-B8CA-0CFB70C0ADB9}.Release|Any CPU.ActiveCfg = Release|Any CPU
		{2C42B63F-8049-4675-B8CA-0CFB70C0ADB9}.Release|Any CPU.Build.0 = Release|Any CPU
		{D656F5C1-7D04-49FA-97DF-1E759B330CFC}.Debug|Any CPU.ActiveCfg = Debug|Any CPU
		{D656F5C1-7D04-49FA-97DF-1E759B330CFC}.Debug|Any CPU.Build.0 = Debug|Any CPU
		{D656F5C1-7D04-49FA-97DF-1E759B330CFC}.Release|Any CPU.ActiveCfg = Release|Any CPU
		{D656F5C1-7D04-49FA-97DF-1E759B330CFC}.Release|Any CPU.Build.0 = Release|Any CPU
		{09B0D1CC-C945-40B4-81F5-2B6CD25EF23F}.Debug|Any CPU.ActiveCfg = Debug|Any CPU
		{09B0D1CC-C945-40B4-81F5-2B6CD25EF23F}.Debug|Any CPU.Build.0 = Debug|Any CPU
		{09B0D1CC-C945-40B4-81F5-2B6CD25EF23F}.Release|Any CPU.ActiveCfg = Release|Any CPU
		{09B0D1CC-C945-40B4-81F5-2B6CD25EF23F}.Release|Any CPU.Build.0 = Release|Any CPU
		{0118EAB8-02F7-4E91-B662-F16D8DA0DE1D}.Debug|Any CPU.ActiveCfg = Debug|Any CPU
		{0118EAB8-02F7-4E91-B662-F16D8DA0DE1D}.Debug|Any CPU.Build.0 = Debug|Any CPU
		{0118EAB8-02F7-4E91-B662-F16D8DA0DE1D}.Release|Any CPU.ActiveCfg = Release|Any CPU
		{0118EAB8-02F7-4E91-B662-F16D8DA0DE1D}.Release|Any CPU.Build.0 = Release|Any CPU
		{357F3FD9-CFDC-4717-BCFD-4013A6C0DA7B}.Debug|Any CPU.ActiveCfg = Debug|Any CPU
		{357F3FD9-CFDC-4717-BCFD-4013A6C0DA7B}.Debug|Any CPU.Build.0 = Debug|Any CPU
		{357F3FD9-CFDC-4717-BCFD-4013A6C0DA7B}.Release|Any CPU.ActiveCfg = Release|Any CPU
		{357F3FD9-CFDC-4717-BCFD-4013A6C0DA7B}.Release|Any CPU.Build.0 = Release|Any CPU
		{4E2DF23D-F034-49DA-9164-DD24EA8ECD72}.Debug|Any CPU.ActiveCfg = Debug|Any CPU
		{4E2DF23D-F034-49DA-9164-DD24EA8ECD72}.Debug|Any CPU.Build.0 = Debug|Any CPU
		{4E2DF23D-F034-49DA-9164-DD24EA8ECD72}.Release|Any CPU.ActiveCfg = Release|Any CPU
		{4E2DF23D-F034-49DA-9164-DD24EA8ECD72}.Release|Any CPU.Build.0 = Release|Any CPU
		{35933BD1-6128-410F-AA10-9B70FBBB5786}.Debug|Any CPU.ActiveCfg = Debug|Any CPU
		{35933BD1-6128-410F-AA10-9B70FBBB5786}.Debug|Any CPU.Build.0 = Debug|Any CPU
		{35933BD1-6128-410F-AA10-9B70FBBB5786}.Release|Any CPU.ActiveCfg = Release|Any CPU
		{35933BD1-6128-410F-AA10-9B70FBBB5786}.Release|Any CPU.Build.0 = Release|Any CPU
		{961C51A9-D2F5-408B-BC7F-203E378863EB}.Debug|Any CPU.ActiveCfg = Debug|Any CPU
		{961C51A9-D2F5-408B-BC7F-203E378863EB}.Debug|Any CPU.Build.0 = Debug|Any CPU
		{961C51A9-D2F5-408B-BC7F-203E378863EB}.Release|Any CPU.ActiveCfg = Release|Any CPU
		{961C51A9-D2F5-408B-BC7F-203E378863EB}.Release|Any CPU.Build.0 = Release|Any CPU
		{D862FCBD-699B-4689-A136-5A05B4C69DA2}.Debug|Any CPU.ActiveCfg = Debug|Any CPU
		{D862FCBD-699B-4689-A136-5A05B4C69DA2}.Debug|Any CPU.Build.0 = Debug|Any CPU
		{D862FCBD-699B-4689-A136-5A05B4C69DA2}.Release|Any CPU.ActiveCfg = Release|Any CPU
		{D862FCBD-699B-4689-A136-5A05B4C69DA2}.Release|Any CPU.Build.0 = Release|Any CPU
		{26B92B00-C081-4925-810C-2855109C5D4A}.Debug|Any CPU.ActiveCfg = Debug|Any CPU
		{26B92B00-C081-4925-810C-2855109C5D4A}.Debug|Any CPU.Build.0 = Debug|Any CPU
		{26B92B00-C081-4925-810C-2855109C5D4A}.Release|Any CPU.ActiveCfg = Release|Any CPU
		{26B92B00-C081-4925-810C-2855109C5D4A}.Release|Any CPU.Build.0 = Release|Any CPU
		{58B7B86D-30AE-475B-8C5D-D7390C368D9E}.Debug|Any CPU.ActiveCfg = Debug|Any CPU
		{58B7B86D-30AE-475B-8C5D-D7390C368D9E}.Debug|Any CPU.Build.0 = Debug|Any CPU
		{58B7B86D-30AE-475B-8C5D-D7390C368D9E}.Release|Any CPU.ActiveCfg = Release|Any CPU
		{58B7B86D-30AE-475B-8C5D-D7390C368D9E}.Release|Any CPU.Build.0 = Release|Any CPU
		{6C09A570-372A-42FD-8C3C-EEC1BC2DEE7F}.Debug|Any CPU.ActiveCfg = Debug|Any CPU
		{6C09A570-372A-42FD-8C3C-EEC1BC2DEE7F}.Debug|Any CPU.Build.0 = Debug|Any CPU
		{6C09A570-372A-42FD-8C3C-EEC1BC2DEE7F}.Release|Any CPU.ActiveCfg = Release|Any CPU
		{6C09A570-372A-42FD-8C3C-EEC1BC2DEE7F}.Release|Any CPU.Build.0 = Release|Any CPU
		{09C5B6BF-1E84-4115-9D5A-38FE98D08BB0}.Debug|Any CPU.ActiveCfg = Debug|Any CPU
		{09C5B6BF-1E84-4115-9D5A-38FE98D08BB0}.Debug|Any CPU.Build.0 = Debug|Any CPU
		{09C5B6BF-1E84-4115-9D5A-38FE98D08BB0}.Release|Any CPU.ActiveCfg = Release|Any CPU
		{09C5B6BF-1E84-4115-9D5A-38FE98D08BB0}.Release|Any CPU.Build.0 = Release|Any CPU
		{BBC43D8C-2138-4D59-81A9-6A2531A0861C}.Debug|Any CPU.ActiveCfg = Debug|Any CPU
		{BBC43D8C-2138-4D59-81A9-6A2531A0861C}.Debug|Any CPU.Build.0 = Debug|Any CPU
		{BBC43D8C-2138-4D59-81A9-6A2531A0861C}.Release|Any CPU.ActiveCfg = Release|Any CPU
		{BBC43D8C-2138-4D59-81A9-6A2531A0861C}.Release|Any CPU.Build.0 = Release|Any CPU
		{53DD62F5-754F-43F7-ACB0-B30A869CCD14}.Debug|Any CPU.ActiveCfg = Debug|Any CPU
		{53DD62F5-754F-43F7-ACB0-B30A869CCD14}.Debug|Any CPU.Build.0 = Debug|Any CPU
		{53DD62F5-754F-43F7-ACB0-B30A869CCD14}.Release|Any CPU.ActiveCfg = Release|Any CPU
		{53DD62F5-754F-43F7-ACB0-B30A869CCD14}.Release|Any CPU.Build.0 = Release|Any CPU
		{11C650B0-EDB1-4F44-B6DF-BD627474DDD0}.Debug|Any CPU.ActiveCfg = Debug|Any CPU
		{11C650B0-EDB1-4F44-B6DF-BD627474DDD0}.Debug|Any CPU.Build.0 = Debug|Any CPU
		{11C650B0-EDB1-4F44-B6DF-BD627474DDD0}.Release|Any CPU.ActiveCfg = Release|Any CPU
		{11C650B0-EDB1-4F44-B6DF-BD627474DDD0}.Release|Any CPU.Build.0 = Release|Any CPU
		{2E012792-D194-4F92-A7C2-DE44792C40BA}.Debug|Any CPU.ActiveCfg = Debug|Any CPU
		{2E012792-D194-4F92-A7C2-DE44792C40BA}.Debug|Any CPU.Build.0 = Debug|Any CPU
		{2E012792-D194-4F92-A7C2-DE44792C40BA}.Release|Any CPU.ActiveCfg = Release|Any CPU
		{2E012792-D194-4F92-A7C2-DE44792C40BA}.Release|Any CPU.Build.0 = Release|Any CPU
		{5DC9FF68-27F7-4C59-953E-35923A01C790}.Debug|Any CPU.ActiveCfg = Debug|Any CPU
		{5DC9FF68-27F7-4C59-953E-35923A01C790}.Debug|Any CPU.Build.0 = Debug|Any CPU
		{5DC9FF68-27F7-4C59-953E-35923A01C790}.Release|Any CPU.ActiveCfg = Release|Any CPU
		{5DC9FF68-27F7-4C59-953E-35923A01C790}.Release|Any CPU.Build.0 = Release|Any CPU
		{FF08961E-C46A-4980-9610-32618C25E8F8}.Debug|Any CPU.ActiveCfg = Debug|Any CPU
		{FF08961E-C46A-4980-9610-32618C25E8F8}.Debug|Any CPU.Build.0 = Debug|Any CPU
		{FF08961E-C46A-4980-9610-32618C25E8F8}.Release|Any CPU.ActiveCfg = Release|Any CPU
		{FF08961E-C46A-4980-9610-32618C25E8F8}.Release|Any CPU.Build.0 = Release|Any CPU
		{8DD265E9-380E-4137-BA3F-40714EEAB2C3}.Debug|Any CPU.ActiveCfg = Debug|Any CPU
		{8DD265E9-380E-4137-BA3F-40714EEAB2C3}.Debug|Any CPU.Build.0 = Debug|Any CPU
		{8DD265E9-380E-4137-BA3F-40714EEAB2C3}.Release|Any CPU.ActiveCfg = Release|Any CPU
		{8DD265E9-380E-4137-BA3F-40714EEAB2C3}.Release|Any CPU.Build.0 = Release|Any CPU
		{0C6B9AEB-0063-47A8-A53E-91CBB822C960}.Debug|Any CPU.ActiveCfg = Debug|Any CPU
		{0C6B9AEB-0063-47A8-A53E-91CBB822C960}.Debug|Any CPU.Build.0 = Debug|Any CPU
		{0C6B9AEB-0063-47A8-A53E-91CBB822C960}.Release|Any CPU.ActiveCfg = Release|Any CPU
		{0C6B9AEB-0063-47A8-A53E-91CBB822C960}.Release|Any CPU.Build.0 = Release|Any CPU
		{0878B500-263D-440B-89CF-7E6AD856C7B9}.Debug|Any CPU.ActiveCfg = Debug|Any CPU
		{0878B500-263D-440B-89CF-7E6AD856C7B9}.Debug|Any CPU.Build.0 = Debug|Any CPU
		{0878B500-263D-440B-89CF-7E6AD856C7B9}.Release|Any CPU.ActiveCfg = Release|Any CPU
		{0878B500-263D-440B-89CF-7E6AD856C7B9}.Release|Any CPU.Build.0 = Release|Any CPU
		{44B95038-4B44-4384-ADE2-3699C28F3F33}.Debug|Any CPU.ActiveCfg = Debug|Any CPU
		{44B95038-4B44-4384-ADE2-3699C28F3F33}.Debug|Any CPU.Build.0 = Debug|Any CPU
		{44B95038-4B44-4384-ADE2-3699C28F3F33}.Release|Any CPU.ActiveCfg = Release|Any CPU
		{44B95038-4B44-4384-ADE2-3699C28F3F33}.Release|Any CPU.Build.0 = Release|Any CPU
		{7DA069B2-E8FE-4DF8-ADB0-51EDAEB46D0B}.Debug|Any CPU.ActiveCfg = Debug|Any CPU
		{7DA069B2-E8FE-4DF8-ADB0-51EDAEB46D0B}.Debug|Any CPU.Build.0 = Debug|Any CPU
		{7DA069B2-E8FE-4DF8-ADB0-51EDAEB46D0B}.Release|Any CPU.ActiveCfg = Release|Any CPU
		{7DA069B2-E8FE-4DF8-ADB0-51EDAEB46D0B}.Release|Any CPU.Build.0 = Release|Any CPU
		{D392C9C1-B190-409C-BDCB-14FAD204DBF8}.Debug|Any CPU.ActiveCfg = Debug|Any CPU
		{D392C9C1-B190-409C-BDCB-14FAD204DBF8}.Debug|Any CPU.Build.0 = Debug|Any CPU
		{D392C9C1-B190-409C-BDCB-14FAD204DBF8}.Release|Any CPU.ActiveCfg = Release|Any CPU
		{D392C9C1-B190-409C-BDCB-14FAD204DBF8}.Release|Any CPU.Build.0 = Release|Any CPU
		{E9FA0040-1902-4A74-B5A3-8094A19B0B4A}.Debug|Any CPU.ActiveCfg = Debug|Any CPU
		{E9FA0040-1902-4A74-B5A3-8094A19B0B4A}.Debug|Any CPU.Build.0 = Debug|Any CPU
		{E9FA0040-1902-4A74-B5A3-8094A19B0B4A}.Release|Any CPU.ActiveCfg = Release|Any CPU
		{E9FA0040-1902-4A74-B5A3-8094A19B0B4A}.Release|Any CPU.Build.0 = Release|Any CPU
		{C5739D8A-78AB-4054-99B5-AF28391EB9A3}.Debug|Any CPU.ActiveCfg = Debug|Any CPU
		{C5739D8A-78AB-4054-99B5-AF28391EB9A3}.Debug|Any CPU.Build.0 = Debug|Any CPU
		{C5739D8A-78AB-4054-99B5-AF28391EB9A3}.Release|Any CPU.ActiveCfg = Release|Any CPU
		{C5739D8A-78AB-4054-99B5-AF28391EB9A3}.Release|Any CPU.Build.0 = Release|Any CPU
		{ED4D1595-49A4-46C2-9756-E104D18B3D4E}.Debug|Any CPU.ActiveCfg = Debug|Any CPU
		{ED4D1595-49A4-46C2-9756-E104D18B3D4E}.Debug|Any CPU.Build.0 = Debug|Any CPU
		{ED4D1595-49A4-46C2-9756-E104D18B3D4E}.Release|Any CPU.ActiveCfg = Release|Any CPU
		{ED4D1595-49A4-46C2-9756-E104D18B3D4E}.Release|Any CPU.Build.0 = Release|Any CPU
		{6CA44E9B-245F-413F-8A94-42EC9D2B0C4C}.Debug|Any CPU.ActiveCfg = Debug|Any CPU
		{6CA44E9B-245F-413F-8A94-42EC9D2B0C4C}.Debug|Any CPU.Build.0 = Debug|Any CPU
		{6CA44E9B-245F-413F-8A94-42EC9D2B0C4C}.Release|Any CPU.ActiveCfg = Release|Any CPU
		{6CA44E9B-245F-413F-8A94-42EC9D2B0C4C}.Release|Any CPU.Build.0 = Release|Any CPU
		{9E0E4D76-A84D-49CE-9874-7572A017BAEF}.Debug|Any CPU.ActiveCfg = Debug|Any CPU
		{9E0E4D76-A84D-49CE-9874-7572A017BAEF}.Debug|Any CPU.Build.0 = Debug|Any CPU
		{9E0E4D76-A84D-49CE-9874-7572A017BAEF}.Release|Any CPU.ActiveCfg = Release|Any CPU
		{9E0E4D76-A84D-49CE-9874-7572A017BAEF}.Release|Any CPU.Build.0 = Release|Any CPU
		{416A8C75-6C5F-42BC-BAAF-0D8CD7BF8311}.Debug|Any CPU.ActiveCfg = Debug|Any CPU
		{416A8C75-6C5F-42BC-BAAF-0D8CD7BF8311}.Debug|Any CPU.Build.0 = Debug|Any CPU
		{416A8C75-6C5F-42BC-BAAF-0D8CD7BF8311}.Release|Any CPU.ActiveCfg = Release|Any CPU
		{416A8C75-6C5F-42BC-BAAF-0D8CD7BF8311}.Release|Any CPU.Build.0 = Release|Any CPU
	EndGlobalSection
	GlobalSection(SolutionProperties) = preSolution
		HideSolutionNode = FALSE
	EndGlobalSection
	GlobalSection(NestedProjects) = preSolution
		{E541EC7F-BD91-47A1-964B-86D190E51411} = {34498557-01F8-4121-913C-EA5A693D56EB}
		{058B34C7-C397-4D0F-9D7B-209F3085927B} = {E541EC7F-BD91-47A1-964B-86D190E51411}
		{FF642240-2F5E-456D-B88D-36295D8E8E42} = {34498557-01F8-4121-913C-EA5A693D56EB}
		{2BDA8382-3562-4B80-B64C-C1E968016543} = {FF642240-2F5E-456D-B88D-36295D8E8E42}
		{DA3ED33A-CD00-4A79-BFF2-5954F15086A8} = {34498557-01F8-4121-913C-EA5A693D56EB}
		{15BA2BC3-1EE8-470E-88D0-55FFF50048D0} = {DA3ED33A-CD00-4A79-BFF2-5954F15086A8}
		{C8C3D702-5449-4B26-B134-44913D6A7517} = {34498557-01F8-4121-913C-EA5A693D56EB}
		{9A145CD3-D98F-443A-A2A7-745585918F2D} = {C8C3D702-5449-4B26-B134-44913D6A7517}
		{20268C8A-A06A-492B-950B-AA9B696B2222} = {34498557-01F8-4121-913C-EA5A693D56EB}
		{88B474F2-6A64-4EFB-BE47-7A159ADFC8FD} = {20268C8A-A06A-492B-950B-AA9B696B2222}
		{C43D4423-826E-4055-98B7-E27F7F0D7B5E} = {34498557-01F8-4121-913C-EA5A693D56EB}
		{AB6D0F6E-B1D2-4D98-9AF0-FBEC0BACABC7} = {C43D4423-826E-4055-98B7-E27F7F0D7B5E}
		{AFC038BC-86EC-444F-AFD3-0813E6BC814B} = {34498557-01F8-4121-913C-EA5A693D56EB}
		{490310AA-C523-40DB-BB00-418AA429111F} = {AFC038BC-86EC-444F-AFD3-0813E6BC814B}
		{0A05CEED-4380-4D51-97EE-62E13EC14213} = {34498557-01F8-4121-913C-EA5A693D56EB}
		{2D2AF760-A0D7-4418-A7C2-F8EBDF52A825} = {0A05CEED-4380-4D51-97EE-62E13EC14213}
		{5CF58CAE-8ECC-4C41-92D3-A45DCF574A56} = {0A05CEED-4380-4D51-97EE-62E13EC14213}
		{F2B5EC0A-28E4-45AA-9771-7536C9547AAB} = {34498557-01F8-4121-913C-EA5A693D56EB}
		{6DC646B1-C726-4E4D-8D6F-D68ABEECE5C2} = {F2B5EC0A-28E4-45AA-9771-7536C9547AAB}
		{BEC5FDD4-288D-4FD0-880B-10019E0BBC8B} = {34498557-01F8-4121-913C-EA5A693D56EB}
		{4A3395DB-C121-4517-B519-985108082495} = {BEC5FDD4-288D-4FD0-880B-10019E0BBC8B}
		{7CDD54F0-86CE-432E-BB96-3509BF20AABF} = {34498557-01F8-4121-913C-EA5A693D56EB}
		{B3C2779B-CF8D-42EB-93F6-9C6ED18E06EB} = {7CDD54F0-86CE-432E-BB96-3509BF20AABF}
		{AEFF22EF-A1D1-43C0-882C-29302DD3E705} = {34498557-01F8-4121-913C-EA5A693D56EB}
		{CE589C5D-41DB-480A-9266-FD595DF12C3B} = {AEFF22EF-A1D1-43C0-882C-29302DD3E705}
		{5C3F63CF-FDD7-4F2E-ACB3-606CBB115BA4} = {34498557-01F8-4121-913C-EA5A693D56EB}
		{ABB64108-CB67-490B-897E-B3C3CD88ED52} = {5C3F63CF-FDD7-4F2E-ACB3-606CBB115BA4}
		{7DE6CED6-EAA7-4A6A-9EB2-BACDB78BDA49} = {34498557-01F8-4121-913C-EA5A693D56EB}
		{87DEC5E7-3271-40EE-A980-D1881FE959FE} = {7DE6CED6-EAA7-4A6A-9EB2-BACDB78BDA49}
		{4E928B96-712A-4A93-BA7C-31868CE93749} = {34498557-01F8-4121-913C-EA5A693D56EB}
		{3952C2C9-693F-48CC-8DC7-1C4A173B34C4} = {4E928B96-712A-4A93-BA7C-31868CE93749}
		{9702D332-7E06-4B89-A45B-772A2C8D7E4E} = {34498557-01F8-4121-913C-EA5A693D56EB}
		{B43A53FE-035D-441B-B04F-AF0A16CBEA53} = {9702D332-7E06-4B89-A45B-772A2C8D7E4E}
		{024ECC8E-77A4-44C9-BA47-28C68A8A4846} = {34498557-01F8-4121-913C-EA5A693D56EB}
		{9C69C34E-E072-4B59-B26A-A1B25B949639} = {024ECC8E-77A4-44C9-BA47-28C68A8A4846}
		{74BB7B73-4288-48FA-B061-B93186DB673A} = {34498557-01F8-4121-913C-EA5A693D56EB}
		{A26DEDAC-287D-4542-9564-62ED22151371} = {74BB7B73-4288-48FA-B061-B93186DB673A}
		{0B9EAE60-8347-4B4B-B532-062756352213} = {34498557-01F8-4121-913C-EA5A693D56EB}
		{0163690E-BBB7-49B9-B7E9-C48ACD043649} = {0B9EAE60-8347-4B4B-B532-062756352213}
		{215C2BC7-A506-4B1D-AA80-B9A3996522F9} = {34498557-01F8-4121-913C-EA5A693D56EB}
		{F966021C-F538-4356-827C-196004A073DF} = {215C2BC7-A506-4B1D-AA80-B9A3996522F9}
		{A08E7B93-2543-477C-B6B3-6D3D4D12BBBB} = {34498557-01F8-4121-913C-EA5A693D56EB}
		{43F3B896-5E81-4D91-8AF6-0A20BD852D9F} = {A08E7B93-2543-477C-B6B3-6D3D4D12BBBB}
		{CAC86212-6594-4101-8FB2-4ACEBCCFC1B6} = {34498557-01F8-4121-913C-EA5A693D56EB}
		{FCEDAC3C-98F5-49D3-9E31-E2F6ABB450C5} = {CAC86212-6594-4101-8FB2-4ACEBCCFC1B6}
		{87E0CD68-200F-4FC9-98D9-F09EA6CBF39C} = {34498557-01F8-4121-913C-EA5A693D56EB}
		{F111F804-76F4-4D26-8B43-A2AE37787C2D} = {87E0CD68-200F-4FC9-98D9-F09EA6CBF39C}
		{837080C1-475A-4699-B729-25A15D760FE6} = {34498557-01F8-4121-913C-EA5A693D56EB}
		{3CC02929-29D4-4963-BFB4-7E3FA690496C} = {837080C1-475A-4699-B729-25A15D760FE6}
		{C6BD7742-0F9D-4207-8DB5-834201F29A31} = {34498557-01F8-4121-913C-EA5A693D56EB}
		{8E0DF1AB-B3FF-49FF-AF7B-C743B7BA162F} = {C6BD7742-0F9D-4207-8DB5-834201F29A31}
		{B1025308-4DE5-4E20-A4B6-F3F142D01600} = {34498557-01F8-4121-913C-EA5A693D56EB}
		{F033DCC9-D027-4BB0-9C38-B17DF1439B05} = {B1025308-4DE5-4E20-A4B6-F3F142D01600}
		{8DDFC703-3408-4FCF-BA05-56CE4FE771A7} = {34498557-01F8-4121-913C-EA5A693D56EB}
		{7CA36392-CF92-4B67-9132-A09A18CB5363} = {8DDFC703-3408-4FCF-BA05-56CE4FE771A7}
		{7F8387E2-C9A0-4BA9-9BF8-3B6C7C0EF03B} = {34498557-01F8-4121-913C-EA5A693D56EB}
		{2485E581-1FA8-454F-B12D-8A15382002F3} = {7F8387E2-C9A0-4BA9-9BF8-3B6C7C0EF03B}
		{86487364-AC6A-4B57-92EA-C76FB9B9B183} = {34498557-01F8-4121-913C-EA5A693D56EB}
		{066F82D7-81D7-4578-ADD8-F644E3DFD8A6} = {86487364-AC6A-4B57-92EA-C76FB9B9B183}
		{F4BCCC0F-437B-4431-8632-85DEFC82FF59} = {34498557-01F8-4121-913C-EA5A693D56EB}
		{018E978D-E628-4795-A827-75D58CEA3DB7} = {F4BCCC0F-437B-4431-8632-85DEFC82FF59}
		{033ABA24-15A2-4720-8FCE-8A15009104EE} = {34498557-01F8-4121-913C-EA5A693D56EB}
		{5708FE2C-F0AD-4180-822A-23E995792798} = {033ABA24-15A2-4720-8FCE-8A15009104EE}
		{F997DD89-3E8F-4D7F-9BC5-9429F86874CA} = {34498557-01F8-4121-913C-EA5A693D56EB}
		{A0CBAC96-A041-4212-8B63-D4C511279D3E} = {F997DD89-3E8F-4D7F-9BC5-9429F86874CA}
		{6113E87C-97CB-401B-99DD-B06351AAC079} = {34498557-01F8-4121-913C-EA5A693D56EB}
		{93F4EFF3-8AEF-486C-9C8D-6C1179FC99FC} = {6113E87C-97CB-401B-99DD-B06351AAC079}
		{076E8243-0FCF-4599-90ED-706F265E79F5} = {34498557-01F8-4121-913C-EA5A693D56EB}
		{6E6191EF-7B32-4A5B-9D9F-F316D591B628} = {076E8243-0FCF-4599-90ED-706F265E79F5}
		{00F83926-8C3E-41ED-BD5B-608995339E53} = {34498557-01F8-4121-913C-EA5A693D56EB}
		{B340F13B-5BD3-4CD1-A5FE-A4DF0834E5F6} = {00F83926-8C3E-41ED-BD5B-608995339E53}
		{1B8B06D0-842D-410E-9CB4-1392AC0661A7} = {34498557-01F8-4121-913C-EA5A693D56EB}
		{0BFD57C4-DF74-48CA-9F34-89DF9AC4255B} = {1B8B06D0-842D-410E-9CB4-1392AC0661A7}
		{41E66E04-44ED-4853-8469-92D64971969C} = {34498557-01F8-4121-913C-EA5A693D56EB}
		{362F935B-18D9-4F80-9F0D-B7E64B4728FC} = {41E66E04-44ED-4853-8469-92D64971969C}
		{3750849B-8E38-4C08-9089-83BF300A6764} = {34498557-01F8-4121-913C-EA5A693D56EB}
		{1EE12B6A-1A10-49F2-8E3D-34750469B188} = {3750849B-8E38-4C08-9089-83BF300A6764}
		{A4284B78-4C3A-419A-9671-9E2F333B7DD0} = {34498557-01F8-4121-913C-EA5A693D56EB}
		{937D8056-D188-47AA-AB3F-359A70E3A581} = {A4284B78-4C3A-419A-9671-9E2F333B7DD0}
		{4A9A014E-AF2B-4F8C-ABB4-B7AB9EEF4592} = {34498557-01F8-4121-913C-EA5A693D56EB}
		{DC58174F-90E4-4ACB-8C1A-2448CBC038D1} = {4A9A014E-AF2B-4F8C-ABB4-B7AB9EEF4592}
		{18DA1CFB-61BA-4AFC-BA9A-29CD7A8EA96D} = {34498557-01F8-4121-913C-EA5A693D56EB}
		{37D463A0-80A7-459F-95AE-50FBA0C61523} = {18DA1CFB-61BA-4AFC-BA9A-29CD7A8EA96D}
		{F7192135-BC31-4A87-B2F7-0FC9B2748525} = {34498557-01F8-4121-913C-EA5A693D56EB}
		{17E7CF75-F7C6-4F47-BD30-8932DE65713A} = {F7192135-BC31-4A87-B2F7-0FC9B2748525}
		{150059ED-ED7F-4181-8910-33769A974D7D} = {34498557-01F8-4121-913C-EA5A693D56EB}
		{B3CB513B-8E97-4A93-A31D-4963AFBD0C1E} = {150059ED-ED7F-4181-8910-33769A974D7D}
		{3FA46490-BA20-45E4-9E12-E9B566B6464D} = {34498557-01F8-4121-913C-EA5A693D56EB}
		{CE8C8D98-1FC5-48CC-B3BE-BF939198C9FB} = {3FA46490-BA20-45E4-9E12-E9B566B6464D}
		{4181B9FC-1D2E-4F56-B3AE-5D7F13C3941E} = {34498557-01F8-4121-913C-EA5A693D56EB}
		{B960009A-2742-4A1B-B968-3683BCD70ED1} = {4181B9FC-1D2E-4F56-B3AE-5D7F13C3941E}
		{534835AE-4E77-4FC3-971B-BF911B244725} = {34498557-01F8-4121-913C-EA5A693D56EB}
		{03F440AF-1357-4B21-B358-FD926EAF8C5F} = {534835AE-4E77-4FC3-971B-BF911B244725}
		{0439B79D-8ACA-4A0F-8834-677F9CDE35B8} = {34498557-01F8-4121-913C-EA5A693D56EB}
		{D1B53A08-CC25-409A-BED1-E70F6A23995D} = {0439B79D-8ACA-4A0F-8834-677F9CDE35B8}
		{D082235C-C387-4DFF-BF0C-14E698BD40EA} = {34498557-01F8-4121-913C-EA5A693D56EB}
		{05A162B5-38AF-4357-826A-77082F90953A} = {D082235C-C387-4DFF-BF0C-14E698BD40EA}
		{AF501E3B-C637-4667-B44A-07B949829A41} = {34498557-01F8-4121-913C-EA5A693D56EB}
		{DFC25710-1430-41E8-8EE8-7995CC421812} = {AF501E3B-C637-4667-B44A-07B949829A41}
		{007EC5F9-A5DB-44CE-8A90-15EDDB09B770} = {34498557-01F8-4121-913C-EA5A693D56EB}
		{ED104DC6-9A33-48C0-83E6-CB3C7E620E4F} = {007EC5F9-A5DB-44CE-8A90-15EDDB09B770}
		{169A8E01-674B-40BF-AE0B-CA3067EF8B39} = {CCA36A1E-AD6B-4A4B-983A-1E3806233805}
		{933EB837-2587-4AB8-BBB6-6D185EC89523} = {169A8E01-674B-40BF-AE0B-CA3067EF8B39}
		{5F383495-84D1-47FF-80B9-446A3D88D431} = {CCA36A1E-AD6B-4A4B-983A-1E3806233805}
		{B8F66734-19EE-44B4-B913-FB61D37FB14E} = {5F383495-84D1-47FF-80B9-446A3D88D431}
		{723E1624-F9F1-4C0C-89AD-0BE944BA8A09} = {CCA36A1E-AD6B-4A4B-983A-1E3806233805}
		{92713F65-EBDD-4345-BC17-AD69C66610CA} = {723E1624-F9F1-4C0C-89AD-0BE944BA8A09}
		{8C960636-D80F-44B3-8CB9-DC8D80DF0034} = {CCA36A1E-AD6B-4A4B-983A-1E3806233805}
		{251B3DBD-9F0D-46F7-81F4-8910D00FDACE} = {8C960636-D80F-44B3-8CB9-DC8D80DF0034}
		{1908AC0B-3BFB-4028-81AF-B3BF2641ECBA} = {CCA36A1E-AD6B-4A4B-983A-1E3806233805}
		{B413B4A8-B5D1-47FF-A65F-0AD35AEF8218} = {1908AC0B-3BFB-4028-81AF-B3BF2641ECBA}
		{14261AD1-77EA-40E2-B09B-77D3AAD8E60E} = {CCA36A1E-AD6B-4A4B-983A-1E3806233805}
		{AB03FAE9-11D2-4617-A7B2-F534D6B11619} = {14261AD1-77EA-40E2-B09B-77D3AAD8E60E}
		{7D73EE9B-6250-4032-A0B6-0DD38AA6ECF0} = {CCA36A1E-AD6B-4A4B-983A-1E3806233805}
		{9F0CB68A-7098-4570-A429-74392608F6BA} = {7D73EE9B-6250-4032-A0B6-0DD38AA6ECF0}
		{4C6CF1EE-E04E-4761-91B9-B2D3EF08C987} = {CCA36A1E-AD6B-4A4B-983A-1E3806233805}
		{44D18C91-361F-4D33-867F-0F2E8FBC9820} = {4C6CF1EE-E04E-4761-91B9-B2D3EF08C987}
		{B282A93C-4252-4AE0-A2F4-42E61F09BFB1} = {CCA36A1E-AD6B-4A4B-983A-1E3806233805}
		{B65C2563-F263-414B-9833-024595F78E6F} = {B282A93C-4252-4AE0-A2F4-42E61F09BFB1}
		{C3E47CDB-3EA3-427B-9225-EB24BF77EB3E} = {CCA36A1E-AD6B-4A4B-983A-1E3806233805}
		{D51E7B2B-5859-4814-97D0-0B06979AE03E} = {C3E47CDB-3EA3-427B-9225-EB24BF77EB3E}
		{2DAA99E2-BC62-4E1B-8EDA-C1D8CD80F892} = {CCA36A1E-AD6B-4A4B-983A-1E3806233805}
		{9C8A8281-B050-4B68-A4A2-7AD7216D37FF} = {2DAA99E2-BC62-4E1B-8EDA-C1D8CD80F892}
		{2D3B9ECF-6304-4051-939F-50697083A1B9} = {CCA36A1E-AD6B-4A4B-983A-1E3806233805}
		{E5CDFB6D-5ABE-47E0-A483-3251470E8026} = {2D3B9ECF-6304-4051-939F-50697083A1B9}
		{9774A3D8-9FC6-4A9D-8232-CAA106E4581D} = {CCA36A1E-AD6B-4A4B-983A-1E3806233805}
		{2C42B63F-8049-4675-B8CA-0CFB70C0ADB9} = {9774A3D8-9FC6-4A9D-8232-CAA106E4581D}
		{F649E608-2361-4E92-8D38-20D64D1D5A75} = {CCA36A1E-AD6B-4A4B-983A-1E3806233805}
		{D656F5C1-7D04-49FA-97DF-1E759B330CFC} = {F649E608-2361-4E92-8D38-20D64D1D5A75}
		{0F92A246-39E4-4B1F-82FB-A0A5C01302AE} = {CCA36A1E-AD6B-4A4B-983A-1E3806233805}
		{09B0D1CC-C945-40B4-81F5-2B6CD25EF23F} = {0F92A246-39E4-4B1F-82FB-A0A5C01302AE}
		{65653B4C-469E-427E-8387-86991098A717} = {CCA36A1E-AD6B-4A4B-983A-1E3806233805}
		{0118EAB8-02F7-4E91-B662-F16D8DA0DE1D} = {65653B4C-469E-427E-8387-86991098A717}
		{968B0332-6F5E-42A4-8EE8-BE082634A9FB} = {CCA36A1E-AD6B-4A4B-983A-1E3806233805}
		{357F3FD9-CFDC-4717-BCFD-4013A6C0DA7B} = {968B0332-6F5E-42A4-8EE8-BE082634A9FB}
		{E7820E92-24DA-43A6-BB30-D6D8FB73BC08} = {CCA36A1E-AD6B-4A4B-983A-1E3806233805}
		{4E2DF23D-F034-49DA-9164-DD24EA8ECD72} = {E7820E92-24DA-43A6-BB30-D6D8FB73BC08}
		{6737CE4B-4378-4E12-86D4-69E87C032F1D} = {CCA36A1E-AD6B-4A4B-983A-1E3806233805}
		{35933BD1-6128-410F-AA10-9B70FBBB5786} = {6737CE4B-4378-4E12-86D4-69E87C032F1D}
		{5DA7C8C1-1DFF-4692-943B-9D2AC8CA044D} = {CCA36A1E-AD6B-4A4B-983A-1E3806233805}
		{961C51A9-D2F5-408B-BC7F-203E378863EB} = {5DA7C8C1-1DFF-4692-943B-9D2AC8CA044D}
		{99B09943-67CE-4559-AC09-CB897412557B} = {CCA36A1E-AD6B-4A4B-983A-1E3806233805}
		{D862FCBD-699B-4689-A136-5A05B4C69DA2} = {99B09943-67CE-4559-AC09-CB897412557B}
		{11CB9AB5-B91C-434F-8E36-126A47E2BEC0} = {CCA36A1E-AD6B-4A4B-983A-1E3806233805}
		{26B92B00-C081-4925-810C-2855109C5D4A} = {11CB9AB5-B91C-434F-8E36-126A47E2BEC0}
		{5FC10363-BC30-4F64-AF10-0375FC198F5F} = {CCA36A1E-AD6B-4A4B-983A-1E3806233805}
		{58B7B86D-30AE-475B-8C5D-D7390C368D9E} = {5FC10363-BC30-4F64-AF10-0375FC198F5F}
		{80E24E1C-63F8-4663-B304-41F1E5992996} = {CCA36A1E-AD6B-4A4B-983A-1E3806233805}
		{6C09A570-372A-42FD-8C3C-EEC1BC2DEE7F} = {80E24E1C-63F8-4663-B304-41F1E5992996}
		{FE337A02-CD05-4A0A-9DF8-4E4725B316A5} = {CCA36A1E-AD6B-4A4B-983A-1E3806233805}
		{09C5B6BF-1E84-4115-9D5A-38FE98D08BB0} = {FE337A02-CD05-4A0A-9DF8-4E4725B316A5}
		{39BBC9C9-335B-4C0D-8304-AD91A0672E56} = {CCA36A1E-AD6B-4A4B-983A-1E3806233805}
		{BBC43D8C-2138-4D59-81A9-6A2531A0861C} = {39BBC9C9-335B-4C0D-8304-AD91A0672E56}
		{9E0C5BF9-93A4-4637-AF54-02E3A7A221DB} = {CCA36A1E-AD6B-4A4B-983A-1E3806233805}
		{53DD62F5-754F-43F7-ACB0-B30A869CCD14} = {9E0C5BF9-93A4-4637-AF54-02E3A7A221DB}
		{5267A5CA-7237-4AC3-8561-8BC973EA4BC5} = {CCA36A1E-AD6B-4A4B-983A-1E3806233805}
		{11C650B0-EDB1-4F44-B6DF-BD627474DDD0} = {5267A5CA-7237-4AC3-8561-8BC973EA4BC5}
		{1A0E58CE-3487-4BE3-A550-9C76CCB41FF3} = {CCA36A1E-AD6B-4A4B-983A-1E3806233805}
		{2E012792-D194-4F92-A7C2-DE44792C40BA} = {1A0E58CE-3487-4BE3-A550-9C76CCB41FF3}
		{9C7EBCB3-95E1-43AF-A8B2-BBDC21380BBE} = {CCA36A1E-AD6B-4A4B-983A-1E3806233805}
		{5DC9FF68-27F7-4C59-953E-35923A01C790} = {9C7EBCB3-95E1-43AF-A8B2-BBDC21380BBE}
		{65B07F02-F1DC-4DD0-9BAC-E569E304B3C1} = {CCA36A1E-AD6B-4A4B-983A-1E3806233805}
		{FF08961E-C46A-4980-9610-32618C25E8F8} = {65B07F02-F1DC-4DD0-9BAC-E569E304B3C1}
		{7A633065-6398-40BF-ABB1-20E8416AF4BE} = {CCA36A1E-AD6B-4A4B-983A-1E3806233805}
		{8DD265E9-380E-4137-BA3F-40714EEAB2C3} = {7A633065-6398-40BF-ABB1-20E8416AF4BE}
		{D7DE94ED-0BEB-4512-8C04-68939C795DB7} = {CCA36A1E-AD6B-4A4B-983A-1E3806233805}
		{0C6B9AEB-0063-47A8-A53E-91CBB822C960} = {D7DE94ED-0BEB-4512-8C04-68939C795DB7}
		{756047A6-5C81-4C6A-A2D7-DA1D0D6F609C} = {CCA36A1E-AD6B-4A4B-983A-1E3806233805}
		{0878B500-263D-440B-89CF-7E6AD856C7B9} = {756047A6-5C81-4C6A-A2D7-DA1D0D6F609C}
		{9F8B2EBD-D700-477C-995B-A352232178AE} = {CCA36A1E-AD6B-4A4B-983A-1E3806233805}
		{44B95038-4B44-4384-ADE2-3699C28F3F33} = {9F8B2EBD-D700-477C-995B-A352232178AE}
		{A1EA661C-7904-48DF-8E10-CFDE99B8DCE0} = {CCA36A1E-AD6B-4A4B-983A-1E3806233805}
		{7DA069B2-E8FE-4DF8-ADB0-51EDAEB46D0B} = {A1EA661C-7904-48DF-8E10-CFDE99B8DCE0}
		{C3185E61-0A5B-4ACA-AC1D-2BE6D70801B5} = {CCA36A1E-AD6B-4A4B-983A-1E3806233805}
		{D392C9C1-B190-409C-BDCB-14FAD204DBF8} = {C3185E61-0A5B-4ACA-AC1D-2BE6D70801B5}
		{9927A846-582E-4095-BE27-AD694810803E} = {CCA36A1E-AD6B-4A4B-983A-1E3806233805}
		{E9FA0040-1902-4A74-B5A3-8094A19B0B4A} = {9927A846-582E-4095-BE27-AD694810803E}
		{03D4BDA8-CDB5-4AB1-ADB7-4BC406EA4D66} = {CCA36A1E-AD6B-4A4B-983A-1E3806233805}
		{C5739D8A-78AB-4054-99B5-AF28391EB9A3} = {03D4BDA8-CDB5-4AB1-ADB7-4BC406EA4D66}
		{513E1774-833B-49D3-AD0F-B3D9F4AE76E3} = {CCA36A1E-AD6B-4A4B-983A-1E3806233805}
		{ED4D1595-49A4-46C2-9756-E104D18B3D4E} = {513E1774-833B-49D3-AD0F-B3D9F4AE76E3}
		{FA5731B3-8608-4F2B-9ECC-9B56E029AFA0} = {CCA36A1E-AD6B-4A4B-983A-1E3806233805}
		{6CA44E9B-245F-413F-8A94-42EC9D2B0C4C} = {FA5731B3-8608-4F2B-9ECC-9B56E029AFA0}
		{DD91E636-A5C9-4530-8C79-32FC482E1F72} = {CCA36A1E-AD6B-4A4B-983A-1E3806233805}
		{9E0E4D76-A84D-49CE-9874-7572A017BAEF} = {DD91E636-A5C9-4530-8C79-32FC482E1F72}
		{B20AAB00-0FDF-4EDA-B878-003FABCC02FE} = {CCA36A1E-AD6B-4A4B-983A-1E3806233805}
		{416A8C75-6C5F-42BC-BAAF-0D8CD7BF8311} = {B20AAB00-0FDF-4EDA-B878-003FABCC02FE}
	EndGlobalSection
	GlobalSection(ExtensibilityGlobals) = postSolution
		SolutionGuid = {D4E1932E-6ECB-4F0B-8DDB-0B233B0277CF}
	EndGlobalSection
EndGlobal
