
Microsoft Visual Studio Solution File, Format Version 12.00
# Visual Studio Version 17
VisualStudioVersion = 17.9.34902.65
MinimumVisualStudioVersion = 10.0.40219.1
Project("{2150E333-8FDC-42A3-9474-1A3956D46DE8}") = "OOPS_Concepts", "OOPS_Concepts", "{34498557-01F8-4121-913C-EA5A693D56EB}"
EndProject
Project("{2150E333-8FDC-42A3-9474-1A3956D46DE8}") = "1 - OOPS Features", "1 - OOPS Features", "{E541EC7F-BD91-47A1-964B-86D190E51411}"
EndProject
Project("{FAE04EC0-301F-11D3-BF4B-00C04F79EFBC}") = "oops_features", "OOPS_Concepts\1 - OOPS Features\oops_features\oops_features.csproj", "{058B34C7-C397-4D0F-9D7B-209F3085927B}"
EndProject
Project("{2150E333-8FDC-42A3-9474-1A3956D46DE8}") = "2 - Interface VS Abstraction", "2 - Interface VS Abstraction", "{FF642240-2F5E-456D-B88D-36295D8E8E42}"
EndProject
Project("{FAE04EC0-301F-11D3-BF4B-00C04F79EFBC}") = "InterfaceVsAbstraction", "OOPS_Concepts\2 - Interface VS Abstraction\InterfaceVsAbstraction\InterfaceVsAbstraction.csproj", "{2BDA8382-3562-4B80-B64C-C1E968016543}"
EndProject
Project("{2150E333-8FDC-42A3-9474-1A3956D46DE8}") = "3 - Abstract Class and Methods", "3 - Abstract Class and Methods", "{DA3ED33A-CD00-4A79-BFF2-5954F15086A8}"
EndProject
Project("{FAE04EC0-301F-11D3-BF4B-00C04F79EFBC}") = "AbstractClassAndMethods", "OOPS_Concepts\3 - Abstract Class and Methods\AbstractClassAndMethods\AbstractClassAndMethods.csproj", "{15BA2BC3-1EE8-470E-88D0-55FFF50048D0}"
EndProject
Project("{2150E333-8FDC-42A3-9474-1A3956D46DE8}") = "4 - Abstraction", "4 - Abstraction", "{C8C3D702-5449-4B26-B134-44913D6A7517}"
EndProject
Project("{FAE04EC0-301F-11D3-BF4B-00C04F79EFBC}") = "Abstraction", "OOPS_Concepts\4 - Abstraction\Abstraction\Abstraction.csproj", "{9A145CD3-D98F-443A-A2A7-745585918F2D}"
EndProject
Project("{2150E333-8FDC-42A3-9474-1A3956D46DE8}") = "5 - Polymorphism", "5 - Polymorphism", "{20268C8A-A06A-492B-950B-AA9B696B2222}"
EndProject
Project("{FAE04EC0-301F-11D3-BF4B-00C04F79EFBC}") = "Polymorphism", "OOPS_Concepts\5 - Polymorphism\Polymorphism\Polymorphism.csproj", "{88B474F2-6A64-4EFB-BE47-7A159ADFC8FD}"
EndProject
Project("{2150E333-8FDC-42A3-9474-1A3956D46DE8}") = "6 - Method Overloading and Overriding", "6 - Method Overloading and Overriding", "{C43D4423-826E-4055-98B7-E27F7F0D7B5E}"
EndProject
Project("{FAE04EC0-301F-11D3-BF4B-00C04F79EFBC}") = "MethodOverloadingVsOverriding", "OOPS_Concepts\6 - Method Overloading and Overriding\MethodOverloadingVsOverriding\MethodOverloadingVsOverriding.csproj", "{AB6D0F6E-B1D2-4D98-9AF0-FBEC0BACABC7}"
EndProject
Global
	GlobalSection(SolutionConfigurationPlatforms) = preSolution
		Debug|Any CPU = Debug|Any CPU
		Release|Any CPU = Release|Any CPU
	EndGlobalSection
	GlobalSection(ProjectConfigurationPlatforms) = postSolution
		{058B34C7-C397-4D0F-9D7B-209F3085927B}.Debug|Any CPU.ActiveCfg = Debug|Any CPU
		{058B34C7-C397-4D0F-9D7B-209F3085927B}.Debug|Any CPU.Build.0 = Debug|Any CPU
		{058B34C7-C397-4D0F-9D7B-209F3085927B}.Release|Any CPU.ActiveCfg = Release|Any CPU
		{058B34C7-C397-4D0F-9D7B-209F3085927B}.Release|Any CPU.Build.0 = Release|Any CPU
		{2BDA8382-3562-4B80-B64C-C1E968016543}.Debug|Any CPU.ActiveCfg = Debug|Any CPU
		{2BDA8382-3562-4B80-B64C-C1E968016543}.Debug|Any CPU.Build.0 = Debug|Any CPU
		{2BDA8382-3562-4B80-B64C-C1E968016543}.Release|Any CPU.ActiveCfg = Release|Any CPU
		{2BDA8382-3562-4B80-B64C-C1E968016543}.Release|Any CPU.Build.0 = Release|Any CPU
		{15BA2BC3-1EE8-470E-88D0-55FFF50048D0}.Debug|Any CPU.ActiveCfg = Debug|Any CPU
		{15BA2BC3-1EE8-470E-88D0-55FFF50048D0}.Debug|Any CPU.Build.0 = Debug|Any CPU
		{15BA2BC3-1EE8-470E-88D0-55FFF50048D0}.Release|Any CPU.ActiveCfg = Release|Any CPU
		{15BA2BC3-1EE8-470E-88D0-55FFF50048D0}.Release|Any CPU.Build.0 = Release|Any CPU
		{9A145CD3-D98F-443A-A2A7-745585918F2D}.Debug|Any CPU.ActiveCfg = Debug|Any CPU
		{9A145CD3-D98F-443A-A2A7-745585918F2D}.Debug|Any CPU.Build.0 = Debug|Any CPU
		{9A145CD3-D98F-443A-A2A7-745585918F2D}.Release|Any CPU.ActiveCfg = Release|Any CPU
		{9A145CD3-D98F-443A-A2A7-745585918F2D}.Release|Any CPU.Build.0 = Release|Any CPU
		{88B474F2-6A64-4EFB-BE47-7A159ADFC8FD}.Debug|Any CPU.ActiveCfg = Debug|Any CPU
		{88B474F2-6A64-4EFB-BE47-7A159ADFC8FD}.Debug|Any CPU.Build.0 = Debug|Any CPU
		{88B474F2-6A64-4EFB-BE47-7A159ADFC8FD}.Release|Any CPU.ActiveCfg = Release|Any CPU
		{88B474F2-6A64-4EFB-BE47-7A159ADFC8FD}.Release|Any CPU.Build.0 = Release|Any CPU
		{AB6D0F6E-B1D2-4D98-9AF0-FBEC0BACABC7}.Debug|Any CPU.ActiveCfg = Debug|Any CPU
		{AB6D0F6E-B1D2-4D98-9AF0-FBEC0BACABC7}.Debug|Any CPU.Build.0 = Debug|Any CPU
		{AB6D0F6E-B1D2-4D98-9AF0-FBEC0BACABC7}.Release|Any CPU.ActiveCfg = Release|Any CPU
		{AB6D0F6E-B1D2-4D98-9AF0-FBEC0BACABC7}.Release|Any CPU.Build.0 = Release|Any CPU
	EndGlobalSection
	GlobalSection(SolutionProperties) = preSolution
		HideSolutionNode = FALSE
	EndGlobalSection
	GlobalSection(NestedProjects) = preSolution
		{E541EC7F-BD91-47A1-964B-86D190E51411} = {34498557-01F8-4121-913C-EA5A693D56EB}
		{058B34C7-C397-4D0F-9D7B-209F3085927B} = {E541EC7F-BD91-47A1-964B-86D190E51411}
		{FF642240-2F5E-456D-B88D-36295D8E8E42} = {34498557-01F8-4121-913C-EA5A693D56EB}
		{2BDA8382-3562-4B80-B64C-C1E968016543} = {FF642240-2F5E-456D-B88D-36295D8E8E42}
		{DA3ED33A-CD00-4A79-BFF2-5954F15086A8} = {34498557-01F8-4121-913C-EA5A693D56EB}
		{15BA2BC3-1EE8-470E-88D0-55FFF50048D0} = {DA3ED33A-CD00-4A79-BFF2-5954F15086A8}
		{C8C3D702-5449-4B26-B134-44913D6A7517} = {34498557-01F8-4121-913C-EA5A693D56EB}
		{9A145CD3-D98F-443A-A2A7-745585918F2D} = {C8C3D702-5449-4B26-B134-44913D6A7517}
		{20268C8A-A06A-492B-950B-AA9B696B2222} = {34498557-01F8-4121-913C-EA5A693D56EB}
		{88B474F2-6A64-4EFB-BE47-7A159ADFC8FD} = {20268C8A-A06A-492B-950B-AA9B696B2222}
		{C43D4423-826E-4055-98B7-E27F7F0D7B5E} = {34498557-01F8-4121-913C-EA5A693D56EB}
		{AB6D0F6E-B1D2-4D98-9AF0-FBEC0BACABC7} = {C43D4423-826E-4055-98B7-E27F7F0D7B5E}
	EndGlobalSection
	GlobalSection(ExtensibilityGlobals) = postSolution
		SolutionGuid = {D4E1932E-6ECB-4F0B-8DDB-0B233B0277CF}
	EndGlobalSection
EndGlobal
